
Microsoft Visual Studio Solution File, Format Version 12.00
# Visual Studio Version 17
VisualStudioVersion = 17.6.33723.286
MinimumVisualStudioVersion = 10.0.40219.
Project("{9A19103F-16F7-4668-BE54-9A1E7A4F7556}") = "01. Integer Operations", "01. Integer Operations\01. Integer Operations.csproj", "{A2BBF08C-D5FC-4BB5-8D46-82CA75A4A589}"
EndProject
Project("{9A19103F-16F7-4668-BE54-9A1E7A4F7556}") = "02. Sum Digits", "02. Sum Digits\02. Sum Digits.csproj", "{3BACAA67-14D3-4E03-9E4E-E0F4D520E566}"
EndProject
Project("{9A19103F-16F7-4668-BE54-9A1E7A4F7556}") = "03. Elevator", "03. Elevator\03. Elevator.csproj", "{5ABAA292-1DD8-4924-8CE3-42F1D56514A4}"
EndProject
Project("{9A19103F-16F7-4668-BE54-9A1E7A4F7556}") = "04. Sum of Chars", "04. Sum of Chars\04. Sum of Chars.csproj", "{C974730C-F3A9-4142-B97F-89713A4B1BC9}"
EndProject
Project("{9A19103F-16F7-4668-BE54-9A1E7A4F7556}") = "05. Print Part Of ASCII Table", "05. Print Part Of ASCII Table\05. Print Part Of ASCII Table.csproj", "{8E12BDB2-AE74-4B6E-BF57-676BBC3681C3}"
EndProject
Project("{9A19103F-16F7-4668-BE54-9A1E7A4F7556}") = "06. Triples of Latin Letters", "06. Triples of Latin Letters\06. Triples of Latin Letters.csproj", "{EBF03A1D-6FC9-44CE-A1F8-F84257946157}"
EndProject
Project("{9A19103F-16F7-4668-BE54-9A1E7A4F7556}") = "07. Water Overflow", "07. Water Overflow\07. Water Overflow.csproj", "{292C320A-B810-4366-8DD0-821998EAC186}"
EndProject
Project("{9A19103F-16F7-4668-BE54-9A1E7A4F7556}") = "08. Beer Kegs", "08. Beer Kegs\08. Beer Kegs.csproj", "{C8B8A5A8-C043-4E32-94BE-8EADEC2AEACB}"
EndProject
Project("{9A19103F-16F7-4668-BE54-9A1E7A4F7556}") = "09. Spice Must Flow", "09. Spice Must Flow\09. Spice Must Flow.csproj", "{A307B636-662E-478D-9807-E7A18B373A8C}"
EndProject
Project("{9A19103F-16F7-4668-BE54-9A1E7A4F7556}") = "10. Poke Mon", "10. Poke Mon\10. Poke Mon.csproj", "{53D3E3F4-8C1E-4BAB-BFE9-D576CA569270}"
EndProject
Global
	GlobalSection(SolutionConfigurationPlatforms) = preSolution
		Debug|Any CPU = Debug|Any CPU
		Release|Any CPU = Release|Any CPU
	EndGlobalSection
	GlobalSection(ProjectConfigurationPlatforms) = postSolution
		{93B0497B-F300-4138-91D5-E42A28D08CF0}.Debug|Any CPU.ActiveCfg = Debug|Any CPU
		{93B0497B-F300-4138-91D5-E42A28D08CF0}.Debug|Any CPU.Build.0 = Debug|Any CPU
		{93B0497B-F300-4138-91D5-E42A28D08CF0}.Release|Any CPU.ActiveCfg = Release|Any CPU
		{93B0497B-F300-4138-91D5-E42A28D08CF0}.Release|Any CPU.Build.0 = Release|Any CPU
		{3B4D8E45-60AB-4529-971D-2D2A9FB3BEF6}.Debug|Any CPU.ActiveCfg = Debug|Any CPU
		{3B4D8E45-60AB-4529-971D-2D2A9FB3BEF6}.Debug|Any CPU.Build.0 = Debug|Any CPU
		{3B4D8E45-60AB-4529-971D-2D2A9FB3BEF6}.Release|Any CPU.ActiveCfg = Release|Any CPU
		{3B4D8E45-60AB-4529-971D-2D2A9FB3BEF6}.Release|Any CPU.Build.0 = Release|Any CPU
		{975CF9BE-9B4F-487F-9D7E-2D5ED5FE4BD4}.Debug|Any CPU.ActiveCfg = Debug|Any CPU
		{975CF9BE-9B4F-487F-9D7E-2D5ED5FE4BD4}.Debug|Any CPU.Build.0 = Debug|Any CPU
		{975CF9BE-9B4F-487F-9D7E-2D5ED5FE4BD4}.Release|Any CPU.ActiveCfg = Release|Any CPU
		{975CF9BE-9B4F-487F-9D7E-2D5ED5FE4BD4}.Release|Any CPU.Build.0 = Release|Any CPU
		{4DEDB61E-12D1-4174-9369-B05379C332C8}.Debug|Any CPU.ActiveCfg = Debug|Any CPU
		{4DEDB61E-12D1-4174-9369-B05379C332C8}.Debug|Any CPU.Build.0 = Debug|Any CPU
		{4DEDB61E-12D1-4174-9369-B05379C332C8}.Release|Any CPU.ActiveCfg = Release|Any CPU
		{4DEDB61E-12D1-4174-9369-B05379C332C8}.Release|Any CPU.Build.0 = Release|Any CPU
		{E655C995-9DDB-4155-A547-EBC254737CF9}.Debug|Any CPU.ActiveCfg = Debug|Any CPU
		{E655C995-9DDB-4155-A547-EBC254737CF9}.Debug|Any CPU.Build.0 = Debug|Any CPU
		{E655C995-9DDB-4155-A547-EBC254737CF9}.Release|Any CPU.ActiveCfg = Release|Any CPU
		{E655C995-9DDB-4155-A547-EBC254737CF9}.Release|Any CPU.Build.0 = Release|Any CPU
		{00733666-BA0C-4E68-8F4D-DAE8B7484412}.Debug|Any CPU.ActiveCfg = Debug|Any CPU
		{00733666-BA0C-4E68-8F4D-DAE8B7484412}.Debug|Any CPU.Build.0 = Debug|Any CPU
		{00733666-BA0C-4E68-8F4D-DAE8B7484412}.Release|Any CPU.ActiveCfg = Release|Any CPU
		{00733666-BA0C-4E68-8F4D-DAE8B7484412}.Release|Any CPU.Build.0 = Release|Any CPU
		{ADB2C3E9-0946-4E05-896F-2B197DB4349D}.Debug|Any CPU.ActiveCfg = Debug|Any CPU
		{ADB2C3E9-0946-4E05-896F-2B197DB4349D}.Debug|Any CPU.Build.0 = Debug|Any CPU
		{ADB2C3E9-0946-4E05-896F-2B197DB4349D}.Release|Any CPU.ActiveCfg = Release|Any CPU
		{ADB2C3E9-0946-4E05-896F-2B197DB4349D}.Release|Any CPU.Build.0 = Release|Any CPU
		{BF128663-E197-4ACA-95A1-E20D88612D21}.Debug|Any CPU.ActiveCfg = Debug|Any CPU
		{BF128663-E197-4ACA-95A1-E20D88612D21}.Debug|Any CPU.Build.0 = Debug|Any CPU
		{BF128663-E197-4ACA-95A1-E20D88612D21}.Release|Any CPU.ActiveCfg = Release|Any CPU
		{BF128663-E197-4ACA-95A1-E20D88612D21}.Release|Any CPU.Build.0 = Release|Any CPU
		{D5E29AF4-5567-433B-A3B1-5CD07724EE23}.Debug|Any CPU.ActiveCfg = Debug|Any CPU
		{D5E29AF4-5567-433B-A3B1-5CD07724EE23}.Debug|Any CPU.Build.0 = Debug|Any CPU
		{D5E29AF4-5567-433B-A3B1-5CD07724EE23}.Release|Any CPU.ActiveCfg = Release|Any CPU
		{D5E29AF4-5567-433B-A3B1-5CD07724EE23}.Release|Any CPU.Build.0 = Release|Any CPU
		{BC36BBD1-EF1F-45EE-8D3D-BE0B5E564A7E}.Debug|Any CPU.ActiveCfg = Debug|Any CPU
		{BC36BBD1-EF1F-45EE-8D3D-BE0B5E564A7E}.Debug|Any CPU.Build.0 = Debug|Any CPU
		{BC36BBD1-EF1F-45EE-8D3D-BE0B5E564A7E}.Release|Any CPU.ActiveCfg = Release|Any CPU
		{BC36BBD1-EF1F-45EE-8D3D-BE0B5E564A7E}.Release|Any CPU.Build.0 = Release|Any CPU
		{0E2F7043-7F85-4659-933F-A9B55B761013}.Debug|Any CPU.ActiveCfg = Debug|Any CPU
		{0E2F7043-7F85-4659-933F-A9B55B761013}.Debug|Any CPU.Build.0 = Debug|Any CPU
		{0E2F7043-7F85-4659-933F-A9B55B761013}.Release|Any CPU.ActiveCfg = Release|Any CPU
		{0E2F7043-7F85-4659-933F-A9B55B761013}.Release|Any CPU.Build.0 = Release|Any CPU
		{846FD024-94AA-4FAD-A112-FB0CB02B184F}.Debug|Any CPU.ActiveCfg = Debug|Any CPU
		{846FD024-94AA-4FAD-A112-FB0CB02B184F}.Debug|Any CPU.Build.0 = Debug|Any CPU
		{846FD024-94AA-4FAD-A112-FB0CB02B184F}.Release|Any CPU.ActiveCfg = Release|Any CPU
		{846FD024-94AA-4FAD-A112-FB0CB02B184F}.Release|Any CPU.Build.0 = Release|Any CPU
		{A2BBF08C-D5FC-4BB5-8D46-82CA75A4A589}.Debug|Any CPU.ActiveCfg = Debug|Any CPU
		{A2BBF08C-D5FC-4BB5-8D46-82CA75A4A589}.Debug|Any CPU.Build.0 = Debug|Any CPU
		{A2BBF08C-D5FC-4BB5-8D46-82CA75A4A589}.Release|Any CPU.ActiveCfg = Release|Any CPU
		{A2BBF08C-D5FC-4BB5-8D46-82CA75A4A589}.Release|Any CPU.Build.0 = Release|Any CPU
		{3BACAA67-14D3-4E03-9E4E-E0F4D520E566}.Debug|Any CPU.ActiveCfg = Debug|Any CPU
		{3BACAA67-14D3-4E03-9E4E-E0F4D520E566}.Debug|Any CPU.Build.0 = Debug|Any CPU
		{3BACAA67-14D3-4E03-9E4E-E0F4D520E566}.Release|Any CPU.ActiveCfg = Release|Any CPU
		{3BACAA67-14D3-4E03-9E4E-E0F4D520E566}.Release|Any CPU.Build.0 = Release|Any CPU
		{5ABAA292-1DD8-4924-8CE3-42F1D56514A4}.Debug|Any CPU.ActiveCfg = Debug|Any CPU
		{5ABAA292-1DD8-4924-8CE3-42F1D56514A4}.Debug|Any CPU.Build.0 = Debug|Any CPU
		{5ABAA292-1DD8-4924-8CE3-42F1D56514A4}.Release|Any CPU.ActiveCfg = Release|Any CPU
		{5ABAA292-1DD8-4924-8CE3-42F1D56514A4}.Release|Any CPU.Build.0 = Release|Any CPU
		{C974730C-F3A9-4142-B97F-89713A4B1BC9}.Debug|Any CPU.ActiveCfg = Debug|Any CPU
		{C974730C-F3A9-4142-B97F-89713A4B1BC9}.Debug|Any CPU.Build.0 = Debug|Any CPU
		{C974730C-F3A9-4142-B97F-89713A4B1BC9}.Release|Any CPU.ActiveCfg = Release|Any CPU
		{C974730C-F3A9-4142-B97F-89713A4B1BC9}.Release|Any CPU.Build.0 = Release|Any CPU
		{8E12BDB2-AE74-4B6E-BF57-676BBC3681C3}.Debug|Any CPU.ActiveCfg = Debug|Any CPU
		{8E12BDB2-AE74-4B6E-BF57-676BBC3681C3}.Debug|Any CPU.Build.0 = Debug|Any CPU
		{8E12BDB2-AE74-4B6E-BF57-676BBC3681C3}.Release|Any CPU.ActiveCfg = Release|Any CPU
		{8E12BDB2-AE74-4B6E-BF57-676BBC3681C3}.Release|Any CPU.Build.0 = Release|Any CPU
		{EBF03A1D-6FC9-44CE-A1F8-F84257946157}.Debug|Any CPU.ActiveCfg = Debug|Any CPU
		{EBF03A1D-6FC9-44CE-A1F8-F84257946157}.Debug|Any CPU.Build.0 = Debug|Any CPU
		{EBF03A1D-6FC9-44CE-A1F8-F84257946157}.Release|Any CPU.ActiveCfg = Release|Any CPU
		{EBF03A1D-6FC9-44CE-A1F8-F84257946157}.Release|Any CPU.Build.0 = Release|Any CPU
		{292C320A-B810-4366-8DD0-821998EAC186}.Debug|Any CPU.ActiveCfg = Debug|Any CPU
		{292C320A-B810-4366-8DD0-821998EAC186}.Debug|Any CPU.Build.0 = Debug|Any CPU
		{292C320A-B810-4366-8DD0-821998EAC186}.Release|Any CPU.ActiveCfg = Release|Any CPU
		{292C320A-B810-4366-8DD0-821998EAC186}.Release|Any CPU.Build.0 = Release|Any CPU
		{C8B8A5A8-C043-4E32-94BE-8EADEC2AEACB}.Debug|Any CPU.ActiveCfg = Debug|Any CPU
		{C8B8A5A8-C043-4E32-94BE-8EADEC2AEACB}.Debug|Any CPU.Build.0 = Debug|Any CPU
		{C8B8A5A8-C043-4E32-94BE-8EADEC2AEACB}.Release|Any CPU.ActiveCfg = Release|Any CPU
		{C8B8A5A8-C043-4E32-94BE-8EADEC2AEACB}.Release|Any CPU.Build.0 = Release|Any CPU
		{A307B636-662E-478D-9807-E7A18B373A8C}.Debug|Any CPU.ActiveCfg = Debug|Any CPU
		{A307B636-662E-478D-9807-E7A18B373A8C}.Debug|Any CPU.Build.0 = Debug|Any CPU
		{A307B636-662E-478D-9807-E7A18B373A8C}.Release|Any CPU.ActiveCfg = Release|Any CPU
		{A307B636-662E-478D-9807-E7A18B373A8C}.Release|Any CPU.Build.0 = Release|Any CPU
		{53D3E3F4-8C1E-4BAB-BFE9-D576CA569270}.Debug|Any CPU.ActiveCfg = Debug|Any CPU
		{53D3E3F4-8C1E-4BAB-BFE9-D576CA569270}.Debug|Any CPU.Build.0 = Debug|Any CPU
		{53D3E3F4-8C1E-4BAB-BFE9-D576CA569270}.Release|Any CPU.ActiveCfg = Release|Any CPU
		{53D3E3F4-8C1E-4BAB-BFE9-D576CA569270}.Release|Any CPU.Build.0 = Release|Any CPU
		{8FF08764-D375-4A3F-AECF-2AD405263F49}.Debug|Any CPU.ActiveCfg = Debug|Any CPU
		{8FF08764-D375-4A3F-AECF-2AD405263F49}.Debug|Any CPU.Build.0 = Debug|Any CPU
		{8FF08764-D375-4A3F-AECF-2AD405263F49}.Release|Any CPU.ActiveCfg = Release|Any CPU
		{8FF08764-D375-4A3F-AECF-2AD405263F49}.Release|Any CPU.Build.0 = Release|Any CPU
		{F041DCAB-547F-45D9-AB9A-D5DBB952BFAE}.Debug|Any CPU.ActiveCfg = Debug|Any CPU
		{F041DCAB-547F-45D9-AB9A-D5DBB952BFAE}.Debug|Any CPU.Build.0 = Debug|Any CPU
		{F041DCAB-547F-45D9-AB9A-D5DBB952BFAE}.Release|Any CPU.ActiveCfg = Release|Any CPU
		{F041DCAB-547F-45D9-AB9A-D5DBB952BFAE}.Release|Any CPU.Build.0 = Release|Any CPU
		{2A3A916F-FC4F-430E-BCE7-18F51FF49702}.Debug|Any CPU.ActiveCfg = Debug|Any CPU
		{2A3A916F-FC4F-430E-BCE7-18F51FF49702}.Debug|Any CPU.Build.0 = Debug|Any CPU
		{2A3A916F-FC4F-430E-BCE7-18F51FF49702}.Release|Any CPU.ActiveCfg = Release|Any CPU
		{2A3A916F-FC4F-430E-BCE7-18F51FF49702}.Release|Any CPU.Build.0 = Release|Any CPU
		{7C63CDFA-434D-4477-B4C8-093BEA00280A}.Debug|Any CPU.ActiveCfg = Debug|Any CPU
		{7C63CDFA-434D-4477-B4C8-093BEA00280A}.Debug|Any CPU.Build.0 = Debug|Any CPU
		{7C63CDFA-434D-4477-B4C8-093BEA00280A}.Release|Any CPU.ActiveCfg = Release|Any CPU
		{7C63CDFA-434D-4477-B4C8-093BEA00280A}.Release|Any CPU.Build.0 = Release|Any CPU
		{67AC9662-1E0F-4580-9BAB-375E3A100EAF}.Debug|Any CPU.ActiveCfg = Debug|Any CPU
		{67AC9662-1E0F-4580-9BAB-375E3A100EAF}.Debug|Any CPU.Build.0 = Debug|Any CPU
		{67AC9662-1E0F-4580-9BAB-375E3A100EAF}.Release|Any CPU.ActiveCfg = Release|Any CPU
		{67AC9662-1E0F-4580-9BAB-375E3A100EAF}.Release|Any CPU.Build.0 = Release|Any CPU
		{8F213A4F-B10B-4320-8BC2-08A81A92BC54}.Debug|Any CPU.ActiveCfg = Debug|Any CPU
		{8F213A4F-B10B-4320-8BC2-08A81A92BC54}.Debug|Any CPU.Build.0 = Debug|Any CPU
		{8F213A4F-B10B-4320-8BC2-08A81A92BC54}.Release|Any CPU.ActiveCfg = Release|Any CPU
		{8F213A4F-B10B-4320-8BC2-08A81A92BC54}.Release|Any CPU.Build.0 = Release|Any CPU
		{19CB84A4-1E2F-4F97-AB9A-F554E229842F}.Debug|Any CPU.ActiveCfg = Debug|Any CPU
		{19CB84A4-1E2F-4F97-AB9A-F554E229842F}.Debug|Any CPU.Build.0 = Debug|Any CPU
		{19CB84A4-1E2F-4F97-AB9A-F554E229842F}.Release|Any CPU.ActiveCfg = Release|Any CPU
		{19CB84A4-1E2F-4F97-AB9A-F554E229842F}.Release|Any CPU.Build.0 = Release|Any CPU
	EndGlobalSection
	GlobalSection(SolutionProperties) = preSolution
		HideSolutionNode = FALSE
	EndGlobalSection
	GlobalSection(ExtensibilityGlobals) = postSolution
		SolutionGuid = {1C945C21-1F68-483C-A0FC-4A3B4B1EC6D2}
	EndGlobalSection
EndGlobal
