
Microsoft Visual Studio Solution File, Format Version 12.00
# Visual Studio Version 17
VisualStudioVersion = 17.9.34728.123
MinimumVisualStudioVersion = 10.0.40219.1
Project("{9A19103F-16F7-4668-BE54-9A1E7A4F7556}") = "01. Hello SoftUni", "01. Hello SoftUni\01. Hello SoftUni.csproj", "{612E7FB6-598F-42F1-B5A3-EEC900227DCE}"
EndProject
Project("{9A19103F-16F7-4668-BE54-9A1E7A4F7556}") = "02. Nums 1 to 10", "02. Nums 1 to 10\02. Nums 1 to 10.csproj", "{4122B1F9-494D-44FA-9129-BBB6C4700614}"
EndProject
Project("{9A19103F-16F7-4668-BE54-9A1E7A4F7556}") = "03. Rectangle Area", "03. Rectangle Area\03. Rectangle Area.csproj", "{BF8D2588-8F58-4F61-AC48-E6668C01CCC3}"
EndProject
Global
	GlobalSection(SolutionConfigurationPlatforms) = preSolution
		Debug|Any CPU = Debug|Any CPU
		Release|Any CPU = Release|Any CPU
	EndGlobalSection
	GlobalSection(ProjectConfigurationPlatforms) = postSolution
		{612E7FB6-598F-42F1-B5A3-EEC900227DCE}.Debug|Any CPU.ActiveCfg = Debug|Any CPU
		{612E7FB6-598F-42F1-B5A3-EEC900227DCE}.Debug|Any CPU.Build.0 = Debug|Any CPU
		{612E7FB6-598F-42F1-B5A3-EEC900227DCE}.Release|Any CPU.ActiveCfg = Release|Any CPU
		{612E7FB6-598F-42F1-B5A3-EEC900227DCE}.Release|Any CPU.Build.0 = Release|Any CPU
		{4122B1F9-494D-44FA-9129-BBB6C4700614}.Debug|Any CPU.ActiveCfg = Debug|Any CPU
		{4122B1F9-494D-44FA-9129-BBB6C4700614}.Debug|Any CPU.Build.0 = Debug|Any CPU
		{4122B1F9-494D-44FA-9129-BBB6C4700614}.Release|Any CPU.ActiveCfg = Release|Any CPU
		{4122B1F9-494D-44FA-9129-BBB6C4700614}.Release|Any CPU.Build.0 = Release|Any CPU
		{BF8D2588-8F58-4F61-AC48-E6668C01CCC3}.Debug|Any CPU.ActiveCfg = Debug|Any CPU
		{BF8D2588-8F58-4F61-AC48-E6668C01CCC3}.Debug|Any CPU.Build.0 = Debug|Any CPU
		{BF8D2588-8F58-4F61-AC48-E6668C01CCC3}.Release|Any CPU.ActiveCfg = Release|Any CPU
		{BF8D2588-8F58-4F61-AC48-E6668C01CCC3}.Release|Any CPU.Build.0 = Release|Any CPU
	EndGlobalSection
	GlobalSection(SolutionProperties) = preSolution
		HideSolutionNode = FALSE
	EndGlobalSection
	GlobalSection(ExtensibilityGlobals) = postSolution
		SolutionGuid = {EA56E47B-5975-49E1-92D0-83EECC02C402}
	EndGlobalSection
EndGlobal
