
Microsoft Visual Studio Solution File, Format Version 12.00
# Visual Studio Version 17
VisualStudioVersion = 17.6.33723.286
MinimumVisualStudioVersion = 10.0.40219.1
Project("{9A19103F-16F7-4668-BE54-9A1E7A4F7556}") = "01. Ages", "01. Ages\01. Ages.csproj", "{2E8DE047-562F-4236-8870-17CB561CF79C}"
EndProject
Project("{9A19103F-16F7-4668-BE54-9A1E7A4F7556}") = "02. Divison", "02. Divison\02. Divison.csproj", "{9159C9F7-35DA-449D-98C4-EFF493022B11}"
EndProject
Project("{9A19103F-16F7-4668-BE54-9A1E7A4F7556}") = "03. Vacation", "03. Vacation\03. Vacation.csproj", "{13D9F49C-53E0-4309-863E-C2B83585F0CB}"
EndProject
Project("{9A19103F-16F7-4668-BE54-9A1E7A4F7556}") = "04. Print and Sum", "04. Print and Sum\04. Print and Sum.csproj", "{A17B2B55-CE15-4DAE-B62E-3FFEBFC209CD}"
EndProject
Project("{9A19103F-16F7-4668-BE54-9A1E7A4F7556}") = "05. Login", "05. Login\05. Login.csproj", "{E0FAB29D-A368-4CB5-8765-129C2F6A9C9B}"
EndProject
Project("{9A19103F-16F7-4668-BE54-9A1E7A4F7556}") = "06. Strong Number", "06. Strong Number\06. Strong Number.csproj", "{8B0F4F89-2099-4BCE-8983-CD9E5E35C38B}"
EndProject
Project("{9A19103F-16F7-4668-BE54-9A1E7A4F7556}") = "07. Vending Mach", "07. Vending Mach\07. Vending Mach.csproj", "{9267ED2B-8CD9-4900-B577-176E4A5B3ED7}"
EndProject
Project("{9A19103F-16F7-4668-BE54-9A1E7A4F7556}") = "08. TriangleOfNumb", "08. TriangleOfNumb\08. TriangleOfNumb.csproj", "{930B957B-F03E-457D-A239-C64E27A693BE}"
EndProject
Global
	GlobalSection(SolutionConfigurationPlatforms) = preSolution
		Debug|Any CPU = Debug|Any CPU
		Release|Any CPU = Release|Any CPU
	EndGlobalSection
	GlobalSection(ProjectConfigurationPlatforms) = postSolution
		{FC3FA101-2285-414A-9800-7C5B7E7FE677}.Debug|Any CPU.ActiveCfg = Debug|Any CPU
		{FC3FA101-2285-414A-9800-7C5B7E7FE677}.Debug|Any CPU.Build.0 = Debug|Any CPU
		{FC3FA101-2285-414A-9800-7C5B7E7FE677}.Release|Any CPU.ActiveCfg = Release|Any CPU
		{FC3FA101-2285-414A-9800-7C5B7E7FE677}.Release|Any CPU.Build.0 = Release|Any CPU
		{98C72F92-4268-443A-A37C-84339C6AB9D0}.Debug|Any CPU.ActiveCfg = Debug|Any CPU
		{98C72F92-4268-443A-A37C-84339C6AB9D0}.Debug|Any CPU.Build.0 = Debug|Any CPU
		{98C72F92-4268-443A-A37C-84339C6AB9D0}.Release|Any CPU.ActiveCfg = Release|Any CPU
		{98C72F92-4268-443A-A37C-84339C6AB9D0}.Release|Any CPU.Build.0 = Release|Any CPU
		{C49A6D9B-26D1-450C-B07B-0F7700C4BC28}.Debug|Any CPU.ActiveCfg = Debug|Any CPU
		{C49A6D9B-26D1-450C-B07B-0F7700C4BC28}.Debug|Any CPU.Build.0 = Debug|Any CPU
		{C49A6D9B-26D1-450C-B07B-0F7700C4BC28}.Release|Any CPU.ActiveCfg = Release|Any CPU
		{C49A6D9B-26D1-450C-B07B-0F7700C4BC28}.Release|Any CPU.Build.0 = Release|Any CPU
		{29A4A092-FF10-47C7-BCF0-01A1DE9305BB}.Debug|Any CPU.ActiveCfg = Debug|Any CPU
		{29A4A092-FF10-47C7-BCF0-01A1DE9305BB}.Debug|Any CPU.Build.0 = Debug|Any CPU
		{29A4A092-FF10-47C7-BCF0-01A1DE9305BB}.Release|Any CPU.ActiveCfg = Release|Any CPU
		{29A4A092-FF10-47C7-BCF0-01A1DE9305BB}.Release|Any CPU.Build.0 = Release|Any CPU
		{75F4D5DD-9DBB-43E8-9600-6C99DD392AA0}.Debug|Any CPU.ActiveCfg = Debug|Any CPU
		{75F4D5DD-9DBB-43E8-9600-6C99DD392AA0}.Debug|Any CPU.Build.0 = Debug|Any CPU
		{75F4D5DD-9DBB-43E8-9600-6C99DD392AA0}.Release|Any CPU.ActiveCfg = Release|Any CPU
		{75F4D5DD-9DBB-43E8-9600-6C99DD392AA0}.Release|Any CPU.Build.0 = Release|Any CPU
		{A3CD02CA-DC23-4DCA-A443-E58EBC9CC4F9}.Debug|Any CPU.ActiveCfg = Debug|Any CPU
		{A3CD02CA-DC23-4DCA-A443-E58EBC9CC4F9}.Debug|Any CPU.Build.0 = Debug|Any CPU
		{A3CD02CA-DC23-4DCA-A443-E58EBC9CC4F9}.Release|Any CPU.ActiveCfg = Release|Any CPU
		{A3CD02CA-DC23-4DCA-A443-E58EBC9CC4F9}.Release|Any CPU.Build.0 = Release|Any CPU
		{9FFFA1DA-F18C-4649-B526-88CA01E0D558}.Debug|Any CPU.ActiveCfg = Debug|Any CPU
		{9FFFA1DA-F18C-4649-B526-88CA01E0D558}.Debug|Any CPU.Build.0 = Debug|Any CPU
		{9FFFA1DA-F18C-4649-B526-88CA01E0D558}.Release|Any CPU.ActiveCfg = Release|Any CPU
		{9FFFA1DA-F18C-4649-B526-88CA01E0D558}.Release|Any CPU.Build.0 = Release|Any CPU
		{0EABA925-6B89-4A2D-9C01-7D137A006F3A}.Debug|Any CPU.ActiveCfg = Debug|Any CPU
		{0EABA925-6B89-4A2D-9C01-7D137A006F3A}.Debug|Any CPU.Build.0 = Debug|Any CPU
		{0EABA925-6B89-4A2D-9C01-7D137A006F3A}.Release|Any CPU.ActiveCfg = Release|Any CPU
		{0EABA925-6B89-4A2D-9C01-7D137A006F3A}.Release|Any CPU.Build.0 = Release|Any CPU
		{AE221AB0-26C7-467E-9948-6796A390B339}.Debug|Any CPU.ActiveCfg = Debug|Any CPU
		{AE221AB0-26C7-467E-9948-6796A390B339}.Debug|Any CPU.Build.0 = Debug|Any CPU
		{AE221AB0-26C7-467E-9948-6796A390B339}.Release|Any CPU.ActiveCfg = Release|Any CPU
		{AE221AB0-26C7-467E-9948-6796A390B339}.Release|Any CPU.Build.0 = Release|Any CPU
		{906FD771-F15A-4BB2-88A3-09251B7933DD}.Debug|Any CPU.ActiveCfg = Debug|Any CPU
		{906FD771-F15A-4BB2-88A3-09251B7933DD}.Debug|Any CPU.Build.0 = Debug|Any CPU
		{906FD771-F15A-4BB2-88A3-09251B7933DD}.Release|Any CPU.ActiveCfg = Release|Any CPU
		{906FD771-F15A-4BB2-88A3-09251B7933DD}.Release|Any CPU.Build.0 = Release|Any CPU
		{80AC6568-B646-40FD-BC6F-03137DBC7C63}.Debug|Any CPU.ActiveCfg = Debug|Any CPU
		{80AC6568-B646-40FD-BC6F-03137DBC7C63}.Debug|Any CPU.Build.0 = Debug|Any CPU
		{80AC6568-B646-40FD-BC6F-03137DBC7C63}.Release|Any CPU.ActiveCfg = Release|Any CPU
		{80AC6568-B646-40FD-BC6F-03137DBC7C63}.Release|Any CPU.Build.0 = Release|Any CPU
		{49F48E97-FDA6-4DD0-862B-0CDC022C8AB5}.Debug|Any CPU.ActiveCfg = Debug|Any CPU
		{49F48E97-FDA6-4DD0-862B-0CDC022C8AB5}.Debug|Any CPU.Build.0 = Debug|Any CPU
		{49F48E97-FDA6-4DD0-862B-0CDC022C8AB5}.Release|Any CPU.ActiveCfg = Release|Any CPU
		{49F48E97-FDA6-4DD0-862B-0CDC022C8AB5}.Release|Any CPU.Build.0 = Release|Any CPU
		{7CE4C7C0-2B5E-423E-AA1E-C13E35C71D05}.Debug|Any CPU.ActiveCfg = Debug|Any CPU
		{7CE4C7C0-2B5E-423E-AA1E-C13E35C71D05}.Debug|Any CPU.Build.0 = Debug|Any CPU
		{7CE4C7C0-2B5E-423E-AA1E-C13E35C71D05}.Release|Any CPU.ActiveCfg = Release|Any CPU
		{7CE4C7C0-2B5E-423E-AA1E-C13E35C71D05}.Release|Any CPU.Build.0 = Release|Any CPU
		{626AFADA-2BB5-406B-9C3B-D2EFFBC4232A}.Debug|Any CPU.ActiveCfg = Debug|Any CPU
		{626AFADA-2BB5-406B-9C3B-D2EFFBC4232A}.Debug|Any CPU.Build.0 = Debug|Any CPU
		{626AFADA-2BB5-406B-9C3B-D2EFFBC4232A}.Release|Any CPU.ActiveCfg = Release|Any CPU
		{626AFADA-2BB5-406B-9C3B-D2EFFBC4232A}.Release|Any CPU.Build.0 = Release|Any CPU
		{CF307784-8B5A-4365-A53A-303734F2A54E}.Debug|Any CPU.ActiveCfg = Debug|Any CPU
		{CF307784-8B5A-4365-A53A-303734F2A54E}.Debug|Any CPU.Build.0 = Debug|Any CPU
		{CF307784-8B5A-4365-A53A-303734F2A54E}.Release|Any CPU.ActiveCfg = Release|Any CPU
		{CF307784-8B5A-4365-A53A-303734F2A54E}.Release|Any CPU.Build.0 = Release|Any CPU
		{D5F1827E-FA23-4555-8C5E-36794781CA2A}.Debug|Any CPU.ActiveCfg = Debug|Any CPU
		{D5F1827E-FA23-4555-8C5E-36794781CA2A}.Debug|Any CPU.Build.0 = Debug|Any CPU
		{D5F1827E-FA23-4555-8C5E-36794781CA2A}.Release|Any CPU.ActiveCfg = Release|Any CPU
		{D5F1827E-FA23-4555-8C5E-36794781CA2A}.Release|Any CPU.Build.0 = Release|Any CPU
		{2E8DE047-562F-4236-8870-17CB561CF79C}.Debug|Any CPU.ActiveCfg = Debug|Any CPU
		{2E8DE047-562F-4236-8870-17CB561CF79C}.Debug|Any CPU.Build.0 = Debug|Any CPU
		{2E8DE047-562F-4236-8870-17CB561CF79C}.Release|Any CPU.ActiveCfg = Release|Any CPU
		{2E8DE047-562F-4236-8870-17CB561CF79C}.Release|Any CPU.Build.0 = Release|Any CPU
		{9159C9F7-35DA-449D-98C4-EFF493022B11}.Debug|Any CPU.ActiveCfg = Debug|Any CPU
		{9159C9F7-35DA-449D-98C4-EFF493022B11}.Debug|Any CPU.Build.0 = Debug|Any CPU
		{9159C9F7-35DA-449D-98C4-EFF493022B11}.Release|Any CPU.ActiveCfg = Release|Any CPU
		{9159C9F7-35DA-449D-98C4-EFF493022B11}.Release|Any CPU.Build.0 = Release|Any CPU
		{13D9F49C-53E0-4309-863E-C2B83585F0CB}.Debug|Any CPU.ActiveCfg = Debug|Any CPU
		{13D9F49C-53E0-4309-863E-C2B83585F0CB}.Debug|Any CPU.Build.0 = Debug|Any CPU
		{13D9F49C-53E0-4309-863E-C2B83585F0CB}.Release|Any CPU.ActiveCfg = Release|Any CPU
		{13D9F49C-53E0-4309-863E-C2B83585F0CB}.Release|Any CPU.Build.0 = Release|Any CPU
		{A17B2B55-CE15-4DAE-B62E-3FFEBFC209CD}.Debug|Any CPU.ActiveCfg = Debug|Any CPU
		{A17B2B55-CE15-4DAE-B62E-3FFEBFC209CD}.Debug|Any CPU.Build.0 = Debug|Any CPU
		{A17B2B55-CE15-4DAE-B62E-3FFEBFC209CD}.Release|Any CPU.ActiveCfg = Release|Any CPU
		{A17B2B55-CE15-4DAE-B62E-3FFEBFC209CD}.Release|Any CPU.Build.0 = Release|Any CPU
		{E0FAB29D-A368-4CB5-8765-129C2F6A9C9B}.Debug|Any CPU.ActiveCfg = Debug|Any CPU
		{E0FAB29D-A368-4CB5-8765-129C2F6A9C9B}.Debug|Any CPU.Build.0 = Debug|Any CPU
		{E0FAB29D-A368-4CB5-8765-129C2F6A9C9B}.Release|Any CPU.ActiveCfg = Release|Any CPU
		{E0FAB29D-A368-4CB5-8765-129C2F6A9C9B}.Release|Any CPU.Build.0 = Release|Any CPU
		{8B0F4F89-2099-4BCE-8983-CD9E5E35C38B}.Debug|Any CPU.ActiveCfg = Debug|Any CPU
		{8B0F4F89-2099-4BCE-8983-CD9E5E35C38B}.Debug|Any CPU.Build.0 = Debug|Any CPU
		{8B0F4F89-2099-4BCE-8983-CD9E5E35C38B}.Release|Any CPU.ActiveCfg = Release|Any CPU
		{8B0F4F89-2099-4BCE-8983-CD9E5E35C38B}.Release|Any CPU.Build.0 = Release|Any CPU
		{9267ED2B-8CD9-4900-B577-176E4A5B3ED7}.Debug|Any CPU.ActiveCfg = Debug|Any CPU
		{9267ED2B-8CD9-4900-B577-176E4A5B3ED7}.Debug|Any CPU.Build.0 = Debug|Any CPU
		{9267ED2B-8CD9-4900-B577-176E4A5B3ED7}.Release|Any CPU.ActiveCfg = Release|Any CPU
		{9267ED2B-8CD9-4900-B577-176E4A5B3ED7}.Release|Any CPU.Build.0 = Release|Any CPU
		{930B957B-F03E-457D-A239-C64E27A693BE}.Debug|Any CPU.ActiveCfg = Debug|Any CPU
		{930B957B-F03E-457D-A239-C64E27A693BE}.Debug|Any CPU.Build.0 = Debug|Any CPU
		{930B957B-F03E-457D-A239-C64E27A693BE}.Release|Any CPU.ActiveCfg = Release|Any CPU
		{930B957B-F03E-457D-A239-C64E27A693BE}.Release|Any CPU.Build.0 = Release|Any CPU
		{C35C3764-9917-4474-B216-3439F9663AE3}.Debug|Any CPU.ActiveCfg = Debug|Any CPU
		{C35C3764-9917-4474-B216-3439F9663AE3}.Debug|Any CPU.Build.0 = Debug|Any CPU
		{C35C3764-9917-4474-B216-3439F9663AE3}.Release|Any CPU.ActiveCfg = Release|Any CPU
		{C35C3764-9917-4474-B216-3439F9663AE3}.Release|Any CPU.Build.0 = Release|Any CPU
		{91D64102-C9E5-4F10-9AA3-532243CA3AB7}.Debug|Any CPU.ActiveCfg = Debug|Any CPU
		{91D64102-C9E5-4F10-9AA3-532243CA3AB7}.Debug|Any CPU.Build.0 = Debug|Any CPU
		{91D64102-C9E5-4F10-9AA3-532243CA3AB7}.Release|Any CPU.ActiveCfg = Release|Any CPU
		{91D64102-C9E5-4F10-9AA3-532243CA3AB7}.Release|Any CPU.Build.0 = Release|Any CPU
		{08166474-C7EC-4EA9-AD11-00EE3A7E070D}.Debug|Any CPU.ActiveCfg = Debug|Any CPU
		{08166474-C7EC-4EA9-AD11-00EE3A7E070D}.Debug|Any CPU.Build.0 = Debug|Any CPU
		{08166474-C7EC-4EA9-AD11-00EE3A7E070D}.Release|Any CPU.ActiveCfg = Release|Any CPU
		{08166474-C7EC-4EA9-AD11-00EE3A7E070D}.Release|Any CPU.Build.0 = Release|Any CPU
		{83915068-6EA0-4E6E-9BA5-84A5D59588EC}.Debug|Any CPU.ActiveCfg = Debug|Any CPU
		{83915068-6EA0-4E6E-9BA5-84A5D59588EC}.Debug|Any CPU.Build.0 = Debug|Any CPU
		{83915068-6EA0-4E6E-9BA5-84A5D59588EC}.Release|Any CPU.ActiveCfg = Release|Any CPU
		{83915068-6EA0-4E6E-9BA5-84A5D59588EC}.Release|Any CPU.Build.0 = Release|Any CPU
		{5C52D809-E8DC-45C8-BE9A-B0F4FBEA9095}.Debug|Any CPU.ActiveCfg = Debug|Any CPU
		{5C52D809-E8DC-45C8-BE9A-B0F4FBEA9095}.Debug|Any CPU.Build.0 = Debug|Any CPU
		{5C52D809-E8DC-45C8-BE9A-B0F4FBEA9095}.Release|Any CPU.ActiveCfg = Release|Any CPU
		{5C52D809-E8DC-45C8-BE9A-B0F4FBEA9095}.Release|Any CPU.Build.0 = Release|Any CPU
		{477384B3-E455-41CE-9D43-75650AB867ED}.Debug|Any CPU.ActiveCfg = Debug|Any CPU
		{477384B3-E455-41CE-9D43-75650AB867ED}.Debug|Any CPU.Build.0 = Debug|Any CPU
		{477384B3-E455-41CE-9D43-75650AB867ED}.Release|Any CPU.ActiveCfg = Release|Any CPU
		{477384B3-E455-41CE-9D43-75650AB867ED}.Release|Any CPU.Build.0 = Release|Any CPU
		{E0E92A4D-73F0-4373-803D-056209ED5E13}.Debug|Any CPU.ActiveCfg = Debug|Any CPU
		{E0E92A4D-73F0-4373-803D-056209ED5E13}.Debug|Any CPU.Build.0 = Debug|Any CPU
		{E0E92A4D-73F0-4373-803D-056209ED5E13}.Release|Any CPU.ActiveCfg = Release|Any CPU
		{E0E92A4D-73F0-4373-803D-056209ED5E13}.Release|Any CPU.Build.0 = Release|Any CPU
		{CD4A2DDB-46CE-4AA5-8E4F-B350E98A4636}.Debug|Any CPU.ActiveCfg = Debug|Any CPU
		{CD4A2DDB-46CE-4AA5-8E4F-B350E98A4636}.Debug|Any CPU.Build.0 = Debug|Any CPU
		{CD4A2DDB-46CE-4AA5-8E4F-B350E98A4636}.Release|Any CPU.ActiveCfg = Release|Any CPU
		{CD4A2DDB-46CE-4AA5-8E4F-B350E98A4636}.Release|Any CPU.Build.0 = Release|Any CPU
		{56C7806E-F657-422C-A699-AC4018ECC632}.Debug|Any CPU.ActiveCfg = Debug|Any CPU
		{56C7806E-F657-422C-A699-AC4018ECC632}.Debug|Any CPU.Build.0 = Debug|Any CPU
		{56C7806E-F657-422C-A699-AC4018ECC632}.Release|Any CPU.ActiveCfg = Release|Any CPU
		{56C7806E-F657-422C-A699-AC4018ECC632}.Release|Any CPU.Build.0 = Release|Any CPU
	EndGlobalSection
	GlobalSection(SolutionProperties) = preSolution
		HideSolutionNode = FALSE
	EndGlobalSection
	GlobalSection(ExtensibilityGlobals) = postSolution
		SolutionGuid = {41A3FFB0-FA69-48EA-BEFA-78F258C97634}
	EndGlobalSection
EndGlobal
