
Microsoft Visual Studio Solution File, Format Version 12.00
# Visual Studio Version 17
VisualStudioVersion = 17.8.34601.278
MinimumVisualStudioVersion = 10.0.40219.1
Project("{FAE04EC0-301F-11D3-BF4B-00C04F79EFBC}") = "01.Shapes", "01.Shapes\01.Shapes.csproj", "{7FD7076A-D2ED-4524-BCE9-D428885F7A72}"
EndProject
Project("{9A19103F-16F7-4668-BE54-9A1E7A4F7556}") = "02.Cars", "02.Cars\02.Cars.csproj", "{E34A2DDF-0F82-4BD1-9267-5AE26D1A441A}"
EndProject
Global
	GlobalSection(SolutionConfigurationPlatforms) = preSolution
		Debug|Any CPU = Debug|Any CPU
		Release|Any CPU = Release|Any CPU
	EndGlobalSection
	GlobalSection(ProjectConfigurationPlatforms) = postSolution
		{E34A2DDF-0F82-4BD1-9267-5AE26D1A441A}.Debug|Any CPU.ActiveCfg = Debug|Any CPU
		{E34A2DDF-0F82-4BD1-9267-5AE26D1A441A}.Debug|Any CPU.Build.0 = Debug|Any CPU
		{E34A2DDF-0F82-4BD1-9267-5AE26D1A441A}.Release|Any CPU.ActiveCfg = Release|Any CPU
		{E34A2DDF-0F82-4BD1-9267-5AE26D1A441A}.Release|Any CPU.Build.0 = Release|Any CPU
		{7FD7076A-D2ED-4524-BCE9-D428885F7A72}.Debug|Any CPU.ActiveCfg = Debug|Any CPU
		{7FD7076A-D2ED-4524-BCE9-D428885F7A72}.Debug|Any CPU.Build.0 = Debug|Any CPU
		{7FD7076A-D2ED-4524-BCE9-D428885F7A72}.Release|Any CPU.ActiveCfg = Release|Any CPU
		{7FD7076A-D2ED-4524-BCE9-D428885F7A72}.Release|Any CPU.Build.0 = Release|Any CPU
	EndGlobalSection
	GlobalSection(SolutionProperties) = preSolution
		HideSolutionNode = FALSE
	EndGlobalSection
	GlobalSection(ExtensibilityGlobals) = postSolution
		SolutionGuid = {87B64912-151C-4D8E-B047-DDB819E45E13}
	EndGlobalSection
EndGlobal
