
Microsoft Visual Studio Solution File, Format Version 12.00
# Visual Studio Version 17
VisualStudioVersion = 17.8.34601.278
MinimumVisualStudioVersion = 10.0.40219.1
Project("{FAE04EC0-301F-11D3-BF4B-00C04F79EFBC}") = "01.Persons", "01.Persons\01.Persons.csproj", "{DCFB7566-95E4-4250-B630-CC4C9BD26205}"
EndProject
Project("{FAE04EC0-301F-11D3-BF4B-00C04F79EFBC}") = "02.Salary", "02.Salary\02.Salary.csproj", "{6704B8AD-EE91-433D-BD3B-5C7A36D55673}"
EndProject
Project("{FAE04EC0-301F-11D3-BF4B-00C04F79EFBC}") = "03.Validation", "03.Validation\03.Validation.csproj", "{E156D3DA-4EA7-4651-81BF-5BC5BC0C6707}"
EndProject
Project("{FAE04EC0-301F-11D3-BF4B-00C04F79EFBC}") = "04.Team", "04.Team\04.Team.csproj", "{6D19B0AA-597A-4FC1-98DE-3991EAB1AD5D}"
EndProject
Global
	GlobalSection(SolutionConfigurationPlatforms) = preSolution
		Debug|Any CPU = Debug|Any CPU
		Release|Any CPU = Release|Any CPU
	EndGlobalSection
	GlobalSection(ProjectConfigurationPlatforms) = postSolution
		{DCFB7566-95E4-4250-B630-CC4C9BD26205}.Debug|Any CPU.ActiveCfg = Debug|Any CPU
		{DCFB7566-95E4-4250-B630-CC4C9BD26205}.Debug|Any CPU.Build.0 = Debug|Any CPU
		{DCFB7566-95E4-4250-B630-CC4C9BD26205}.Release|Any CPU.ActiveCfg = Release|Any CPU
		{DCFB7566-95E4-4250-B630-CC4C9BD26205}.Release|Any CPU.Build.0 = Release|Any CPU
		{6704B8AD-EE91-433D-BD3B-5C7A36D55673}.Debug|Any CPU.ActiveCfg = Debug|Any CPU
		{6704B8AD-EE91-433D-BD3B-5C7A36D55673}.Debug|Any CPU.Build.0 = Debug|Any CPU
		{6704B8AD-EE91-433D-BD3B-5C7A36D55673}.Release|Any CPU.ActiveCfg = Release|Any CPU
		{6704B8AD-EE91-433D-BD3B-5C7A36D55673}.Release|Any CPU.Build.0 = Release|Any CPU
		{E156D3DA-4EA7-4651-81BF-5BC5BC0C6707}.Debug|Any CPU.ActiveCfg = Debug|Any CPU
		{E156D3DA-4EA7-4651-81BF-5BC5BC0C6707}.Debug|Any CPU.Build.0 = Debug|Any CPU
		{E156D3DA-4EA7-4651-81BF-5BC5BC0C6707}.Release|Any CPU.ActiveCfg = Release|Any CPU
		{E156D3DA-4EA7-4651-81BF-5BC5BC0C6707}.Release|Any CPU.Build.0 = Release|Any CPU
		{6D19B0AA-597A-4FC1-98DE-3991EAB1AD5D}.Debug|Any CPU.ActiveCfg = Debug|Any CPU
		{6D19B0AA-597A-4FC1-98DE-3991EAB1AD5D}.Debug|Any CPU.Build.0 = Debug|Any CPU
		{6D19B0AA-597A-4FC1-98DE-3991EAB1AD5D}.Release|Any CPU.ActiveCfg = Release|Any CPU
		{6D19B0AA-597A-4FC1-98DE-3991EAB1AD5D}.Release|Any CPU.Build.0 = Release|Any CPU
	EndGlobalSection
	GlobalSection(SolutionProperties) = preSolution
		HideSolutionNode = FALSE
	EndGlobalSection
	GlobalSection(ExtensibilityGlobals) = postSolution
		SolutionGuid = {534688CE-F519-431A-90E4-92FE9B371F83}
	EndGlobalSection
EndGlobal
