
Microsoft Visual Studio Solution File, Format Version 12.00
# Visual Studio Version 17
VisualStudioVersion = 17.6.33723.286
MinimumVisualStudioVersion = 10.0.40219.1
Project("{9A19103F-16F7-4668-BE54-9A1E7A4F7556}") = "01. Encrypt, Sort, and Print Array", "01. Encrypt, Sort, and Print Array\01. Encrypt, Sort, and Print Array.csproj", "{940E4141-DBD7-4B9A-9744-E917F9238708}"
EndProject
Project("{9A19103F-16F7-4668-BE54-9A1E7A4F7556}") = "03. Recursive Fibonacci", "03. Recursive Fibonacci\03. Recursive Fibonacci.csproj", "{BDB0DE73-E736-43C4-AFB3-8B683C227A3F}"
EndProject
Project("{9A19103F-16F7-4668-BE54-9A1E7A4F7556}") = "02. Pascal Triangle", "02. Pascal Triangle\02. Pascal Triangle.csproj", "{25285B6E-1AD2-4E29-9C88-3ED8A0298151}"
EndProject
Project("{9A19103F-16F7-4668-BE54-9A1E7A4F7556}") = "02.1. Pascal Triangle-Array", "02.1. Pascal Triangle-Array\02.1. Pascal Triangle-Array.csproj", "{640235A0-9E59-4FA2-A35D-AE6F5B2BC011}"
EndProject
Project("{9A19103F-16F7-4668-BE54-9A1E7A4F7556}") = "03.1 Fibonacci", "03.1 Fibonacci\03.1 Fibonacci.csproj", "{E27DAA0A-4777-440B-BB29-F654A6DBF6F9}"
EndProject
Global
	GlobalSection(SolutionConfigurationPlatforms) = preSolution
		Debug|Any CPU = Debug|Any CPU
		Release|Any CPU = Release|Any CPU
	EndGlobalSection
	GlobalSection(ProjectConfigurationPlatforms) = postSolution
		{940E4141-DBD7-4B9A-9744-E917F9238708}.Debug|Any CPU.ActiveCfg = Debug|Any CPU
		{940E4141-DBD7-4B9A-9744-E917F9238708}.Debug|Any CPU.Build.0 = Debug|Any CPU
		{940E4141-DBD7-4B9A-9744-E917F9238708}.Release|Any CPU.ActiveCfg = Release|Any CPU
		{940E4141-DBD7-4B9A-9744-E917F9238708}.Release|Any CPU.Build.0 = Release|Any CPU
		{BDB0DE73-E736-43C4-AFB3-8B683C227A3F}.Debug|Any CPU.ActiveCfg = Debug|Any CPU
		{BDB0DE73-E736-43C4-AFB3-8B683C227A3F}.Debug|Any CPU.Build.0 = Debug|Any CPU
		{BDB0DE73-E736-43C4-AFB3-8B683C227A3F}.Release|Any CPU.ActiveCfg = Release|Any CPU
		{BDB0DE73-E736-43C4-AFB3-8B683C227A3F}.Release|Any CPU.Build.0 = Release|Any CPU
		{25285B6E-1AD2-4E29-9C88-3ED8A0298151}.Debug|Any CPU.ActiveCfg = Debug|Any CPU
		{25285B6E-1AD2-4E29-9C88-3ED8A0298151}.Debug|Any CPU.Build.0 = Debug|Any CPU
		{25285B6E-1AD2-4E29-9C88-3ED8A0298151}.Release|Any CPU.ActiveCfg = Release|Any CPU
		{25285B6E-1AD2-4E29-9C88-3ED8A0298151}.Release|Any CPU.Build.0 = Release|Any CPU
		{640235A0-9E59-4FA2-A35D-AE6F5B2BC011}.Debug|Any CPU.ActiveCfg = Debug|Any CPU
		{640235A0-9E59-4FA2-A35D-AE6F5B2BC011}.Debug|Any CPU.Build.0 = Debug|Any CPU
		{640235A0-9E59-4FA2-A35D-AE6F5B2BC011}.Release|Any CPU.ActiveCfg = Release|Any CPU
		{640235A0-9E59-4FA2-A35D-AE6F5B2BC011}.Release|Any CPU.Build.0 = Release|Any CPU
		{E27DAA0A-4777-440B-BB29-F654A6DBF6F9}.Debug|Any CPU.ActiveCfg = Debug|Any CPU
		{E27DAA0A-4777-440B-BB29-F654A6DBF6F9}.Debug|Any CPU.Build.0 = Debug|Any CPU
		{E27DAA0A-4777-440B-BB29-F654A6DBF6F9}.Release|Any CPU.ActiveCfg = Release|Any CPU
		{E27DAA0A-4777-440B-BB29-F654A6DBF6F9}.Release|Any CPU.Build.0 = Release|Any CPU
	EndGlobalSection
	GlobalSection(SolutionProperties) = preSolution
		HideSolutionNode = FALSE
	EndGlobalSection
	GlobalSection(ExtensibilityGlobals) = postSolution
		SolutionGuid = {5C4BB6E2-919F-42D4-86D2-0108F23C1208}
	EndGlobalSection
EndGlobal
