
Microsoft Visual Studio Solution File, Format Version 12.00
# Visual Studio Version 17
VisualStudioVersion = 17.7.34031.279
MinimumVisualStudioVersion = 10.0.40219.1
Project("{9A19103F-16F7-4668-BE54-9A1E7A4F7556}") = "01. Smallest of Three Numbers", "01. Smallest of Three Numbers\01. Smallest of Three Numbers.csproj", "{A9C461F4-B44A-4163-A27C-3DDE3E116748}"
EndProject
Project("{9A19103F-16F7-4668-BE54-9A1E7A4F7556}") = "02. Vowels Count", "02. Vowels Count\02. Vowels Count.csproj", "{F962987B-5735-4A2E-AAC8-358FBE5F4A86}"
EndProject
Project("{9A19103F-16F7-4668-BE54-9A1E7A4F7556}") = "03. Characters in Range", "03. Characters in Range\03. Characters in Range.csproj", "{2333F4F4-DFAB-490F-B5C5-1B03C7DD5CBE}"
EndProject
Global
	GlobalSection(SolutionConfigurationPlatforms) = preSolution
		Debug|Any CPU = Debug|Any CPU
		Release|Any CPU = Release|Any CPU
	EndGlobalSection
	GlobalSection(ProjectConfigurationPlatforms) = postSolution
		{1770910F-E98C-4899-BFF0-4D620F33AE03}.Debug|Any CPU.ActiveCfg = Debug|Any CPU
		{1770910F-E98C-4899-BFF0-4D620F33AE03}.Debug|Any CPU.Build.0 = Debug|Any CPU
		{1770910F-E98C-4899-BFF0-4D620F33AE03}.Release|Any CPU.ActiveCfg = Release|Any CPU
		{1770910F-E98C-4899-BFF0-4D620F33AE03}.Release|Any CPU.Build.0 = Release|Any CPU
		{55D121AB-39D4-44EB-A6EE-69381D89A993}.Debug|Any CPU.ActiveCfg = Debug|Any CPU
		{55D121AB-39D4-44EB-A6EE-69381D89A993}.Debug|Any CPU.Build.0 = Debug|Any CPU
		{55D121AB-39D4-44EB-A6EE-69381D89A993}.Release|Any CPU.ActiveCfg = Release|Any CPU
		{55D121AB-39D4-44EB-A6EE-69381D89A993}.Release|Any CPU.Build.0 = Release|Any CPU
		{E1C4B7C8-C0FD-49E1-A1F6-E6DE7ABCA8DE}.Debug|Any CPU.ActiveCfg = Debug|Any CPU
		{E1C4B7C8-C0FD-49E1-A1F6-E6DE7ABCA8DE}.Debug|Any CPU.Build.0 = Debug|Any CPU
		{E1C4B7C8-C0FD-49E1-A1F6-E6DE7ABCA8DE}.Release|Any CPU.ActiveCfg = Release|Any CPU
		{E1C4B7C8-C0FD-49E1-A1F6-E6DE7ABCA8DE}.Release|Any CPU.Build.0 = Release|Any CPU
		{36BFFCCB-E7A4-4636-804A-FA5A9CF55A3C}.Debug|Any CPU.ActiveCfg = Debug|Any CPU
		{36BFFCCB-E7A4-4636-804A-FA5A9CF55A3C}.Debug|Any CPU.Build.0 = Debug|Any CPU
		{36BFFCCB-E7A4-4636-804A-FA5A9CF55A3C}.Release|Any CPU.ActiveCfg = Release|Any CPU
		{36BFFCCB-E7A4-4636-804A-FA5A9CF55A3C}.Release|Any CPU.Build.0 = Release|Any CPU
		{CF4C11A4-12B5-4979-A609-6BE3633ACAE3}.Debug|Any CPU.ActiveCfg = Debug|Any CPU
		{CF4C11A4-12B5-4979-A609-6BE3633ACAE3}.Debug|Any CPU.Build.0 = Debug|Any CPU
		{CF4C11A4-12B5-4979-A609-6BE3633ACAE3}.Release|Any CPU.ActiveCfg = Release|Any CPU
		{CF4C11A4-12B5-4979-A609-6BE3633ACAE3}.Release|Any CPU.Build.0 = Release|Any CPU
		{779C17E4-C431-4585-B0D1-6BBBF29B3A7D}.Debug|Any CPU.ActiveCfg = Debug|Any CPU
		{779C17E4-C431-4585-B0D1-6BBBF29B3A7D}.Debug|Any CPU.Build.0 = Debug|Any CPU
		{779C17E4-C431-4585-B0D1-6BBBF29B3A7D}.Release|Any CPU.ActiveCfg = Release|Any CPU
		{779C17E4-C431-4585-B0D1-6BBBF29B3A7D}.Release|Any CPU.Build.0 = Release|Any CPU
		{AF4C9179-362E-4166-B2BE-6A11D588B22B}.Debug|Any CPU.ActiveCfg = Debug|Any CPU
		{AF4C9179-362E-4166-B2BE-6A11D588B22B}.Debug|Any CPU.Build.0 = Debug|Any CPU
		{AF4C9179-362E-4166-B2BE-6A11D588B22B}.Release|Any CPU.ActiveCfg = Release|Any CPU
		{AF4C9179-362E-4166-B2BE-6A11D588B22B}.Release|Any CPU.Build.0 = Release|Any CPU
		{20F6A332-EF98-4BD2-803B-4FA79AD9E18B}.Debug|Any CPU.ActiveCfg = Debug|Any CPU
		{20F6A332-EF98-4BD2-803B-4FA79AD9E18B}.Debug|Any CPU.Build.0 = Debug|Any CPU
		{20F6A332-EF98-4BD2-803B-4FA79AD9E18B}.Release|Any CPU.ActiveCfg = Release|Any CPU
		{20F6A332-EF98-4BD2-803B-4FA79AD9E18B}.Release|Any CPU.Build.0 = Release|Any CPU
		{FE1E06AC-2949-49E9-92A5-4585124F6EB3}.Debug|Any CPU.ActiveCfg = Debug|Any CPU
		{FE1E06AC-2949-49E9-92A5-4585124F6EB3}.Debug|Any CPU.Build.0 = Debug|Any CPU
		{FE1E06AC-2949-49E9-92A5-4585124F6EB3}.Release|Any CPU.ActiveCfg = Release|Any CPU
		{FE1E06AC-2949-49E9-92A5-4585124F6EB3}.Release|Any CPU.Build.0 = Release|Any CPU
		{53B48386-BAFF-45DA-93E7-350A4DBD4736}.Debug|Any CPU.ActiveCfg = Debug|Any CPU
		{53B48386-BAFF-45DA-93E7-350A4DBD4736}.Debug|Any CPU.Build.0 = Debug|Any CPU
		{53B48386-BAFF-45DA-93E7-350A4DBD4736}.Release|Any CPU.ActiveCfg = Release|Any CPU
		{53B48386-BAFF-45DA-93E7-350A4DBD4736}.Release|Any CPU.Build.0 = Release|Any CPU
		{BB3232D1-6A69-4121-ABB3-7C769C8EB7E7}.Debug|Any CPU.ActiveCfg = Debug|Any CPU
		{BB3232D1-6A69-4121-ABB3-7C769C8EB7E7}.Debug|Any CPU.Build.0 = Debug|Any CPU
		{BB3232D1-6A69-4121-ABB3-7C769C8EB7E7}.Release|Any CPU.ActiveCfg = Release|Any CPU
		{BB3232D1-6A69-4121-ABB3-7C769C8EB7E7}.Release|Any CPU.Build.0 = Release|Any CPU
		{A9C461F4-B44A-4163-A27C-3DDE3E116748}.Debug|Any CPU.ActiveCfg = Debug|Any CPU
		{A9C461F4-B44A-4163-A27C-3DDE3E116748}.Debug|Any CPU.Build.0 = Debug|Any CPU
		{A9C461F4-B44A-4163-A27C-3DDE3E116748}.Release|Any CPU.ActiveCfg = Release|Any CPU
		{A9C461F4-B44A-4163-A27C-3DDE3E116748}.Release|Any CPU.Build.0 = Release|Any CPU
		{F962987B-5735-4A2E-AAC8-358FBE5F4A86}.Debug|Any CPU.ActiveCfg = Debug|Any CPU
		{F962987B-5735-4A2E-AAC8-358FBE5F4A86}.Debug|Any CPU.Build.0 = Debug|Any CPU
		{F962987B-5735-4A2E-AAC8-358FBE5F4A86}.Release|Any CPU.ActiveCfg = Release|Any CPU
		{F962987B-5735-4A2E-AAC8-358FBE5F4A86}.Release|Any CPU.Build.0 = Release|Any CPU
		{2333F4F4-DFAB-490F-B5C5-1B03C7DD5CBE}.Debug|Any CPU.ActiveCfg = Debug|Any CPU
		{2333F4F4-DFAB-490F-B5C5-1B03C7DD5CBE}.Debug|Any CPU.Build.0 = Debug|Any CPU
		{2333F4F4-DFAB-490F-B5C5-1B03C7DD5CBE}.Release|Any CPU.ActiveCfg = Release|Any CPU
		{2333F4F4-DFAB-490F-B5C5-1B03C7DD5CBE}.Release|Any CPU.Build.0 = Release|Any CPU
		{0E8DDD06-3033-4D18-B5A5-DF34AC0A998D}.Debug|Any CPU.ActiveCfg = Debug|Any CPU
		{0E8DDD06-3033-4D18-B5A5-DF34AC0A998D}.Debug|Any CPU.Build.0 = Debug|Any CPU
		{0E8DDD06-3033-4D18-B5A5-DF34AC0A998D}.Release|Any CPU.ActiveCfg = Release|Any CPU
		{0E8DDD06-3033-4D18-B5A5-DF34AC0A998D}.Release|Any CPU.Build.0 = Release|Any CPU
		{38C98096-6353-4B09-B766-60DE7DF6033C}.Debug|Any CPU.ActiveCfg = Debug|Any CPU
		{38C98096-6353-4B09-B766-60DE7DF6033C}.Debug|Any CPU.Build.0 = Debug|Any CPU
		{38C98096-6353-4B09-B766-60DE7DF6033C}.Release|Any CPU.ActiveCfg = Release|Any CPU
		{38C98096-6353-4B09-B766-60DE7DF6033C}.Release|Any CPU.Build.0 = Release|Any CPU
		{A210DA0E-C254-4CFE-BB7D-C128FFAEBEBB}.Debug|Any CPU.ActiveCfg = Debug|Any CPU
		{A210DA0E-C254-4CFE-BB7D-C128FFAEBEBB}.Debug|Any CPU.Build.0 = Debug|Any CPU
		{A210DA0E-C254-4CFE-BB7D-C128FFAEBEBB}.Release|Any CPU.ActiveCfg = Release|Any CPU
		{A210DA0E-C254-4CFE-BB7D-C128FFAEBEBB}.Release|Any CPU.Build.0 = Release|Any CPU
		{DE301DDA-A6F2-4C68-B836-FFD841EA6443}.Debug|Any CPU.ActiveCfg = Debug|Any CPU
		{DE301DDA-A6F2-4C68-B836-FFD841EA6443}.Debug|Any CPU.Build.0 = Debug|Any CPU
		{DE301DDA-A6F2-4C68-B836-FFD841EA6443}.Release|Any CPU.ActiveCfg = Release|Any CPU
		{DE301DDA-A6F2-4C68-B836-FFD841EA6443}.Release|Any CPU.Build.0 = Release|Any CPU
		{54EAF71B-6130-439B-B443-0293F3509136}.Debug|Any CPU.ActiveCfg = Debug|Any CPU
		{54EAF71B-6130-439B-B443-0293F3509136}.Debug|Any CPU.Build.0 = Debug|Any CPU
		{54EAF71B-6130-439B-B443-0293F3509136}.Release|Any CPU.ActiveCfg = Release|Any CPU
		{54EAF71B-6130-439B-B443-0293F3509136}.Release|Any CPU.Build.0 = Release|Any CPU
		{4BF51EFC-649F-4670-A7CA-7CCA57EB54FC}.Debug|Any CPU.ActiveCfg = Debug|Any CPU
		{4BF51EFC-649F-4670-A7CA-7CCA57EB54FC}.Debug|Any CPU.Build.0 = Debug|Any CPU
		{4BF51EFC-649F-4670-A7CA-7CCA57EB54FC}.Release|Any CPU.ActiveCfg = Release|Any CPU
		{4BF51EFC-649F-4670-A7CA-7CCA57EB54FC}.Release|Any CPU.Build.0 = Release|Any CPU
		{1AF2F356-27E1-452C-BD81-14619BE9C59C}.Debug|Any CPU.ActiveCfg = Debug|Any CPU
		{1AF2F356-27E1-452C-BD81-14619BE9C59C}.Debug|Any CPU.Build.0 = Debug|Any CPU
		{1AF2F356-27E1-452C-BD81-14619BE9C59C}.Release|Any CPU.ActiveCfg = Release|Any CPU
		{1AF2F356-27E1-452C-BD81-14619BE9C59C}.Release|Any CPU.Build.0 = Release|Any CPU
		{E1BA7E41-0845-488C-AFFA-7A8AE09F8EC7}.Debug|Any CPU.ActiveCfg = Debug|Any CPU
		{E1BA7E41-0845-488C-AFFA-7A8AE09F8EC7}.Debug|Any CPU.Build.0 = Debug|Any CPU
		{E1BA7E41-0845-488C-AFFA-7A8AE09F8EC7}.Release|Any CPU.ActiveCfg = Release|Any CPU
		{E1BA7E41-0845-488C-AFFA-7A8AE09F8EC7}.Release|Any CPU.Build.0 = Release|Any CPU
		{8BDFA5D3-294C-4B40-B333-214785389273}.Debug|Any CPU.ActiveCfg = Debug|Any CPU
		{8BDFA5D3-294C-4B40-B333-214785389273}.Debug|Any CPU.Build.0 = Debug|Any CPU
		{8BDFA5D3-294C-4B40-B333-214785389273}.Release|Any CPU.ActiveCfg = Release|Any CPU
		{8BDFA5D3-294C-4B40-B333-214785389273}.Release|Any CPU.Build.0 = Release|Any CPU
		{09EE5A3A-8051-4150-825C-CE9ED64E1FAB}.Debug|Any CPU.ActiveCfg = Debug|Any CPU
		{09EE5A3A-8051-4150-825C-CE9ED64E1FAB}.Debug|Any CPU.Build.0 = Debug|Any CPU
		{09EE5A3A-8051-4150-825C-CE9ED64E1FAB}.Release|Any CPU.ActiveCfg = Release|Any CPU
		{09EE5A3A-8051-4150-825C-CE9ED64E1FAB}.Release|Any CPU.Build.0 = Release|Any CPU
	EndGlobalSection
	GlobalSection(SolutionProperties) = preSolution
		HideSolutionNode = FALSE
	EndGlobalSection
	GlobalSection(ExtensibilityGlobals) = postSolution
		SolutionGuid = {9875CD0E-8069-40F4-BF4C-539BC5D4FC7A}
	EndGlobalSection
EndGlobal
