
Microsoft Visual Studio Solution File, Format Version 12.00
# Visual Studio Version 17
VisualStudioVersion = 17.7.34031.279
MinimumVisualStudioVersion = 10.0.40219.1
Project("{9A19103F-16F7-4668-BE54-9A1E7A4F7556}") = "01. Smallest of Three Numbers", "01. Smallest of Three Numbers\01. Smallest of Three Numbers.csproj", "{A9C461F4-B44A-4163-A27C-3DDE3E116748}"
EndProject
Project("{9A19103F-16F7-4668-BE54-9A1E7A4F7556}") = "02. Vowels Count", "02. Vowels Count\02. Vowels Count.csproj", "{F962987B-5735-4A2E-AAC8-358FBE5F4A86}"
EndProject
Project("{9A19103F-16F7-4668-BE54-9A1E7A4F7556}") = "03. Characters in Range", "03. Characters in Range\03. Characters in Range.csproj", "{2333F4F4-DFAB-490F-B5C5-1B03C7DD5CBE}"
EndProject
Project("{9A19103F-16F7-4668-BE54-9A1E7A4F7556}") = "04. Password Validator", "04. Password Validator\04. Password Validator.csproj", "{0E8DDD06-3033-4D18-B5A5-DF34AC0A998D}"
EndProject
Project("{9A19103F-16F7-4668-BE54-9A1E7A4F7556}") = "05. Add and Subtract", "05. Add and Subtract\05. Add and Subtract.csproj", "{38C98096-6353-4B09-B766-60DE7DF6033C}"
EndProject
Project("{9A19103F-16F7-4668-BE54-9A1E7A4F7556}") = "06. Middle Characters", "06. Middle Characters\06. Middle Characters.csproj", "{A210DA0E-C254-4CFE-BB7D-C128FFAEBEBB}"
EndProject
Project("{9A19103F-16F7-4668-BE54-9A1E7A4F7556}") = "07. NxN Matrix", "07. NxN Matrix\07. NxN Matrix.csproj", "{DE301DDA-A6F2-4C68-B836-FFD841EA6443}"
EndProject
Global
	GlobalSection(SolutionConfigurationPlatforms) = preSolution
		Debug|Any CPU = Debug|Any CPU
		Release|Any CPU = Release|Any CPU
	EndGlobalSection
	GlobalSection(ProjectConfigurationPlatforms) = postSolution
		{A9C461F4-B44A-4163-A27C-3DDE3E116748}.Debug|Any CPU.ActiveCfg = Debug|Any CPU
		{A9C461F4-B44A-4163-A27C-3DDE3E116748}.Debug|Any CPU.Build.0 = Debug|Any CPU
		{A9C461F4-B44A-4163-A27C-3DDE3E116748}.Release|Any CPU.ActiveCfg = Release|Any CPU
		{A9C461F4-B44A-4163-A27C-3DDE3E116748}.Release|Any CPU.Build.0 = Release|Any CPU
		{F962987B-5735-4A2E-AAC8-358FBE5F4A86}.Debug|Any CPU.ActiveCfg = Debug|Any CPU
		{F962987B-5735-4A2E-AAC8-358FBE5F4A86}.Debug|Any CPU.Build.0 = Debug|Any CPU
		{F962987B-5735-4A2E-AAC8-358FBE5F4A86}.Release|Any CPU.ActiveCfg = Release|Any CPU
		{F962987B-5735-4A2E-AAC8-358FBE5F4A86}.Release|Any CPU.Build.0 = Release|Any CPU
		{2333F4F4-DFAB-490F-B5C5-1B03C7DD5CBE}.Debug|Any CPU.ActiveCfg = Debug|Any CPU
		{2333F4F4-DFAB-490F-B5C5-1B03C7DD5CBE}.Debug|Any CPU.Build.0 = Debug|Any CPU
		{2333F4F4-DFAB-490F-B5C5-1B03C7DD5CBE}.Release|Any CPU.ActiveCfg = Release|Any CPU
		{2333F4F4-DFAB-490F-B5C5-1B03C7DD5CBE}.Release|Any CPU.Build.0 = Release|Any CPU
		{0E8DDD06-3033-4D18-B5A5-DF34AC0A998D}.Debug|Any CPU.ActiveCfg = Debug|Any CPU
		{0E8DDD06-3033-4D18-B5A5-DF34AC0A998D}.Debug|Any CPU.Build.0 = Debug|Any CPU
		{0E8DDD06-3033-4D18-B5A5-DF34AC0A998D}.Release|Any CPU.ActiveCfg = Release|Any CPU
		{0E8DDD06-3033-4D18-B5A5-DF34AC0A998D}.Release|Any CPU.Build.0 = Release|Any CPU
		{38C98096-6353-4B09-B766-60DE7DF6033C}.Debug|Any CPU.ActiveCfg = Debug|Any CPU
		{38C98096-6353-4B09-B766-60DE7DF6033C}.Debug|Any CPU.Build.0 = Debug|Any CPU
		{38C98096-6353-4B09-B766-60DE7DF6033C}.Release|Any CPU.ActiveCfg = Release|Any CPU
		{38C98096-6353-4B09-B766-60DE7DF6033C}.Release|Any CPU.Build.0 = Release|Any CPU
		{A210DA0E-C254-4CFE-BB7D-C128FFAEBEBB}.Debug|Any CPU.ActiveCfg = Debug|Any CPU
		{A210DA0E-C254-4CFE-BB7D-C128FFAEBEBB}.Debug|Any CPU.Build.0 = Debug|Any CPU
		{A210DA0E-C254-4CFE-BB7D-C128FFAEBEBB}.Release|Any CPU.ActiveCfg = Release|Any CPU
		{A210DA0E-C254-4CFE-BB7D-C128FFAEBEBB}.Release|Any CPU.Build.0 = Release|Any CPU
		{DE301DDA-A6F2-4C68-B836-FFD841EA6443}.Debug|Any CPU.ActiveCfg = Debug|Any CPU
		{DE301DDA-A6F2-4C68-B836-FFD841EA6443}.Debug|Any CPU.Build.0 = Debug|Any CPU
		{DE301DDA-A6F2-4C68-B836-FFD841EA6443}.Release|Any CPU.ActiveCfg = Release|Any CPU
		{DE301DDA-A6F2-4C68-B836-FFD841EA6443}.Release|Any CPU.Build.0 = Release|Any CPU
	EndGlobalSection
	GlobalSection(SolutionProperties) = preSolution
		HideSolutionNode = FALSE
	EndGlobalSection
	GlobalSection(ExtensibilityGlobals) = postSolution
		SolutionGuid = {9875CD0E-8069-40F4-BF4C-539BC5D4FC7A}
	EndGlobalSection
EndGlobal
