
Microsoft Visual Studio Solution File, Format Version 12.00
# Visual Studio Version 17
VisualStudioVersion = 17.7.34031.279
MinimumVisualStudioVersion = 10.0.40219.1
Project("{9A19103F-16F7-4668-BE54-9A1E7A4F7556}") = "01. Advertisement Message", "01. Advertisement Message\01. Advertisement Message.csproj", "{E9E06F02-8791-49E8-B690-FD60B74F0090}"
EndProject
Project("{9A19103F-16F7-4668-BE54-9A1E7A4F7556}") = "02. Articles", "02. Articles\02. Articles.csproj", "{9EDE26C1-E898-4AAF-80AA-D64B00266E9B}"
EndProject
Project("{9A19103F-16F7-4668-BE54-9A1E7A4F7556}") = "03. Articles 2.0", "03. Articles 2.0\03. Articles 2.0.csproj", "{A3BA1556-100B-4E98-AC35-D50DFE65D476}"
EndProject
Project("{9A19103F-16F7-4668-BE54-9A1E7A4F7556}") = "04. Students", "04. Students\04. Students.csproj", "{8E0C6B97-6EC1-4D5D-9EF6-5D88698E0442}"
EndProject
Project("{9A19103F-16F7-4668-BE54-9A1E7A4F7556}") = "05. Teamwork Projects", "05. Teamwork Projects\05. Teamwork Projects.csproj", "{90E8CEF8-A9EF-42F8-878E-688C60880AFD}"
EndProject
Project("{9A19103F-16F7-4668-BE54-9A1E7A4F7556}") = "06. Vehicle Catalogue", "06. Vehicle Catalogue\06. Vehicle Catalogue.csproj", "{A0E91651-32B2-4A51-9931-952B2566D428}"
EndProject
Project("{9A19103F-16F7-4668-BE54-9A1E7A4F7556}") = "07. Order by Age", "07. Order by Age\07. Order by Age.csproj", "{9C498C85-0540-4116-A5AE-3A6C63A1B6DB}"
EndProject
Global
	GlobalSection(SolutionConfigurationPlatforms) = preSolution
		Debug|Any CPU = Debug|Any CPU
		Release|Any CPU = Release|Any CPU
	EndGlobalSection
	GlobalSection(ProjectConfigurationPlatforms) = postSolution
		{3374779A-B362-4AF8-AFF8-2E073D28F476}.Debug|Any CPU.ActiveCfg = Debug|Any CPU
		{3374779A-B362-4AF8-AFF8-2E073D28F476}.Debug|Any CPU.Build.0 = Debug|Any CPU
		{3374779A-B362-4AF8-AFF8-2E073D28F476}.Release|Any CPU.ActiveCfg = Release|Any CPU
		{3374779A-B362-4AF8-AFF8-2E073D28F476}.Release|Any CPU.Build.0 = Release|Any CPU
		{2960B0B9-5594-4181-91B7-E35086A70E68}.Debug|Any CPU.ActiveCfg = Debug|Any CPU
		{2960B0B9-5594-4181-91B7-E35086A70E68}.Debug|Any CPU.Build.0 = Debug|Any CPU
		{2960B0B9-5594-4181-91B7-E35086A70E68}.Release|Any CPU.ActiveCfg = Release|Any CPU
		{2960B0B9-5594-4181-91B7-E35086A70E68}.Release|Any CPU.Build.0 = Release|Any CPU
		{97B9F372-B6AB-452C-AEB5-E136FFC8D093}.Debug|Any CPU.ActiveCfg = Debug|Any CPU
		{97B9F372-B6AB-452C-AEB5-E136FFC8D093}.Debug|Any CPU.Build.0 = Debug|Any CPU
		{97B9F372-B6AB-452C-AEB5-E136FFC8D093}.Release|Any CPU.ActiveCfg = Release|Any CPU
		{97B9F372-B6AB-452C-AEB5-E136FFC8D093}.Release|Any CPU.Build.0 = Release|Any CPU
		{843646FB-402E-4DDB-A735-12E6DE605C65}.Debug|Any CPU.ActiveCfg = Debug|Any CPU
		{843646FB-402E-4DDB-A735-12E6DE605C65}.Debug|Any CPU.Build.0 = Debug|Any CPU
		{843646FB-402E-4DDB-A735-12E6DE605C65}.Release|Any CPU.ActiveCfg = Release|Any CPU
		{843646FB-402E-4DDB-A735-12E6DE605C65}.Release|Any CPU.Build.0 = Release|Any CPU
		{C0C103A5-E9C4-43CE-AC25-60A72678CD7E}.Debug|Any CPU.ActiveCfg = Debug|Any CPU
		{C0C103A5-E9C4-43CE-AC25-60A72678CD7E}.Debug|Any CPU.Build.0 = Debug|Any CPU
		{C0C103A5-E9C4-43CE-AC25-60A72678CD7E}.Release|Any CPU.ActiveCfg = Release|Any CPU
		{C0C103A5-E9C4-43CE-AC25-60A72678CD7E}.Release|Any CPU.Build.0 = Release|Any CPU
		{6ABF390E-ED99-4636-B2AB-F386D20AB157}.Debug|Any CPU.ActiveCfg = Debug|Any CPU
		{6ABF390E-ED99-4636-B2AB-F386D20AB157}.Debug|Any CPU.Build.0 = Debug|Any CPU
		{6ABF390E-ED99-4636-B2AB-F386D20AB157}.Release|Any CPU.ActiveCfg = Release|Any CPU
		{6ABF390E-ED99-4636-B2AB-F386D20AB157}.Release|Any CPU.Build.0 = Release|Any CPU
		{B0AFE40A-B029-4ECC-BDC6-84D152DD0EE9}.Debug|Any CPU.ActiveCfg = Debug|Any CPU
		{B0AFE40A-B029-4ECC-BDC6-84D152DD0EE9}.Debug|Any CPU.Build.0 = Debug|Any CPU
		{B0AFE40A-B029-4ECC-BDC6-84D152DD0EE9}.Release|Any CPU.ActiveCfg = Release|Any CPU
		{B0AFE40A-B029-4ECC-BDC6-84D152DD0EE9}.Release|Any CPU.Build.0 = Release|Any CPU
		{E9E06F02-8791-49E8-B690-FD60B74F0090}.Debug|Any CPU.ActiveCfg = Debug|Any CPU
		{E9E06F02-8791-49E8-B690-FD60B74F0090}.Debug|Any CPU.Build.0 = Debug|Any CPU
		{E9E06F02-8791-49E8-B690-FD60B74F0090}.Release|Any CPU.ActiveCfg = Release|Any CPU
		{E9E06F02-8791-49E8-B690-FD60B74F0090}.Release|Any CPU.Build.0 = Release|Any CPU
		{9EDE26C1-E898-4AAF-80AA-D64B00266E9B}.Debug|Any CPU.ActiveCfg = Debug|Any CPU
		{9EDE26C1-E898-4AAF-80AA-D64B00266E9B}.Debug|Any CPU.Build.0 = Debug|Any CPU
		{9EDE26C1-E898-4AAF-80AA-D64B00266E9B}.Release|Any CPU.ActiveCfg = Release|Any CPU
		{9EDE26C1-E898-4AAF-80AA-D64B00266E9B}.Release|Any CPU.Build.0 = Release|Any CPU
		{A3BA1556-100B-4E98-AC35-D50DFE65D476}.Debug|Any CPU.ActiveCfg = Debug|Any CPU
		{A3BA1556-100B-4E98-AC35-D50DFE65D476}.Debug|Any CPU.Build.0 = Debug|Any CPU
		{A3BA1556-100B-4E98-AC35-D50DFE65D476}.Release|Any CPU.ActiveCfg = Release|Any CPU
		{A3BA1556-100B-4E98-AC35-D50DFE65D476}.Release|Any CPU.Build.0 = Release|Any CPU
		{8E0C6B97-6EC1-4D5D-9EF6-5D88698E0442}.Debug|Any CPU.ActiveCfg = Debug|Any CPU
		{8E0C6B97-6EC1-4D5D-9EF6-5D88698E0442}.Debug|Any CPU.Build.0 = Debug|Any CPU
		{8E0C6B97-6EC1-4D5D-9EF6-5D88698E0442}.Release|Any CPU.ActiveCfg = Release|Any CPU
		{8E0C6B97-6EC1-4D5D-9EF6-5D88698E0442}.Release|Any CPU.Build.0 = Release|Any CPU
		{90E8CEF8-A9EF-42F8-878E-688C60880AFD}.Debug|Any CPU.ActiveCfg = Debug|Any CPU
		{90E8CEF8-A9EF-42F8-878E-688C60880AFD}.Debug|Any CPU.Build.0 = Debug|Any CPU
		{90E8CEF8-A9EF-42F8-878E-688C60880AFD}.Release|Any CPU.ActiveCfg = Release|Any CPU
		{90E8CEF8-A9EF-42F8-878E-688C60880AFD}.Release|Any CPU.Build.0 = Release|Any CPU
		{A0E91651-32B2-4A51-9931-952B2566D428}.Debug|Any CPU.ActiveCfg = Debug|Any CPU
		{A0E91651-32B2-4A51-9931-952B2566D428}.Debug|Any CPU.Build.0 = Debug|Any CPU
		{A0E91651-32B2-4A51-9931-952B2566D428}.Release|Any CPU.ActiveCfg = Release|Any CPU
		{A0E91651-32B2-4A51-9931-952B2566D428}.Release|Any CPU.Build.0 = Release|Any CPU
		{9C498C85-0540-4116-A5AE-3A6C63A1B6DB}.Debug|Any CPU.ActiveCfg = Debug|Any CPU
		{9C498C85-0540-4116-A5AE-3A6C63A1B6DB}.Debug|Any CPU.Build.0 = Debug|Any CPU
		{9C498C85-0540-4116-A5AE-3A6C63A1B6DB}.Release|Any CPU.ActiveCfg = Release|Any CPU
		{9C498C85-0540-4116-A5AE-3A6C63A1B6DB}.Release|Any CPU.Build.0 = Release|Any CPU
		{DFC607B5-332D-4598-84CC-8E52F7B1156A}.Debug|Any CPU.ActiveCfg = Debug|Any CPU
		{DFC607B5-332D-4598-84CC-8E52F7B1156A}.Debug|Any CPU.Build.0 = Debug|Any CPU
		{DFC607B5-332D-4598-84CC-8E52F7B1156A}.Release|Any CPU.ActiveCfg = Release|Any CPU
		{DFC607B5-332D-4598-84CC-8E52F7B1156A}.Release|Any CPU.Build.0 = Release|Any CPU
		{D64B93CE-E534-4E44-B6F8-66CAB205111F}.Debug|Any CPU.ActiveCfg = Debug|Any CPU
		{D64B93CE-E534-4E44-B6F8-66CAB205111F}.Debug|Any CPU.Build.0 = Debug|Any CPU
		{D64B93CE-E534-4E44-B6F8-66CAB205111F}.Release|Any CPU.ActiveCfg = Release|Any CPU
		{D64B93CE-E534-4E44-B6F8-66CAB205111F}.Release|Any CPU.Build.0 = Release|Any CPU
		{7BCA5EFC-1A9C-4E97-A828-842C3E4698D8}.Debug|Any CPU.ActiveCfg = Debug|Any CPU
		{7BCA5EFC-1A9C-4E97-A828-842C3E4698D8}.Debug|Any CPU.Build.0 = Debug|Any CPU
		{7BCA5EFC-1A9C-4E97-A828-842C3E4698D8}.Release|Any CPU.ActiveCfg = Release|Any CPU
		{7BCA5EFC-1A9C-4E97-A828-842C3E4698D8}.Release|Any CPU.Build.0 = Release|Any CPU
		{6DC31C48-A330-4693-8688-3524F3181C85}.Debug|Any CPU.ActiveCfg = Debug|Any CPU
		{6DC31C48-A330-4693-8688-3524F3181C85}.Debug|Any CPU.Build.0 = Debug|Any CPU
		{6DC31C48-A330-4693-8688-3524F3181C85}.Release|Any CPU.ActiveCfg = Release|Any CPU
		{6DC31C48-A330-4693-8688-3524F3181C85}.Release|Any CPU.Build.0 = Release|Any CPU
		{A1E6F0ED-BB1F-495A-BDE0-B842A696ED8B}.Debug|Any CPU.ActiveCfg = Debug|Any CPU
		{A1E6F0ED-BB1F-495A-BDE0-B842A696ED8B}.Debug|Any CPU.Build.0 = Debug|Any CPU
		{A1E6F0ED-BB1F-495A-BDE0-B842A696ED8B}.Release|Any CPU.ActiveCfg = Release|Any CPU
		{A1E6F0ED-BB1F-495A-BDE0-B842A696ED8B}.Release|Any CPU.Build.0 = Release|Any CPU
		{1B9D7AA2-671F-44B2-BBD5-D55DEC857506}.Debug|Any CPU.ActiveCfg = Debug|Any CPU
		{1B9D7AA2-671F-44B2-BBD5-D55DEC857506}.Debug|Any CPU.Build.0 = Debug|Any CPU
		{1B9D7AA2-671F-44B2-BBD5-D55DEC857506}.Release|Any CPU.ActiveCfg = Release|Any CPU
		{1B9D7AA2-671F-44B2-BBD5-D55DEC857506}.Release|Any CPU.Build.0 = Release|Any CPU
		{F5578D71-9E0E-4E4C-BA8C-5396903694A8}.Debug|Any CPU.ActiveCfg = Debug|Any CPU
		{F5578D71-9E0E-4E4C-BA8C-5396903694A8}.Debug|Any CPU.Build.0 = Debug|Any CPU
		{F5578D71-9E0E-4E4C-BA8C-5396903694A8}.Release|Any CPU.ActiveCfg = Release|Any CPU
		{F5578D71-9E0E-4E4C-BA8C-5396903694A8}.Release|Any CPU.Build.0 = Release|Any CPU
	EndGlobalSection
	GlobalSection(SolutionProperties) = preSolution
		HideSolutionNode = FALSE
	EndGlobalSection
	GlobalSection(ExtensibilityGlobals) = postSolution
		SolutionGuid = {9F39B5CE-1DE4-4AC7-ABDB-81BD781B936D}
	EndGlobalSection
EndGlobal
