
Microsoft Visual Studio Solution File, Format Version 12.00
# Visual Studio Version 17
VisualStudioVersion = 17.6.33723.286
MinimumVisualStudioVersion = 10.0.40219.1
Project("{9A19103F-16F7-4668-BE54-9A1E7A4F7556}") = "01. Birthday Party", "01. Birthday Party\01. Birthday Party.csproj", "{8C506F47-4CC3-4FC3-8CDB-98DDB07CDD52}"
EndProject
Project("{9A19103F-16F7-4668-BE54-9A1E7A4F7556}") = "01. Change Bureau", "01. Change Bureau\01. Change Bureau.csproj", "{5E1DD31C-7C7C-4C73-9642-4CB398C4D126}"
EndProject
Project("{9A19103F-16F7-4668-BE54-9A1E7A4F7556}") = "02. Cat Walking", "02. Cat Walking\02. Cat Walking.csproj", "{301780D5-C096-4001-B46A-D459DFA80E51}"
EndProject
Project("{9A19103F-16F7-4668-BE54-9A1E7A4F7556}") = "02. Mountain Run", "02. Mountain Run\02. Mountain Run.csproj", "{EB931903-FC92-4411-B9F2-E42CD661D52D}"
EndProject
Project("{9A19103F-16F7-4668-BE54-9A1E7A4F7556}") = "03. Energy Booster", "03. Energy Booster\03. Energy Booster.csproj", "{EF31E95C-99F9-426A-AD6D-6D0771E6EA1D}"
EndProject
Project("{9A19103F-16F7-4668-BE54-9A1E7A4F7556}") = "03. Fitness Card", "03. Fitness Card\03. Fitness Card.csproj", "{3E63305D-3664-40B8-8297-96C0723092F8}"
EndProject
Project("{9A19103F-16F7-4668-BE54-9A1E7A4F7556}") = "04. Food for Pets", "04. Food for Pets\04. Food for Pets.csproj", "{5C0C80CD-7450-4283-872B-FD3CA71144B6}"
EndProject
Project("{9A19103F-16F7-4668-BE54-9A1E7A4F7556}") = "04. Trekking Mania", "04. Trekking Mania\04. Trekking Mania.csproj", "{B6DAC60B-9BA3-4343-8D2F-741D12BB34FA}"
EndProject
Project("{9A19103F-16F7-4668-BE54-9A1E7A4F7556}") = "05. Care of Puppy", "05. Care of Puppy\05. Care of Puppy.csproj", "{8CBDAFA9-EF2A-4BF7-8C5D-E28091575AA4}"
EndProject
Project("{9A19103F-16F7-4668-BE54-9A1E7A4F7556}") = "05. Suitcases Load", "05. Suitcases Load\05. Suitcases Load.csproj", "{D33EEB6B-FFCF-4197-952D-DCB4E023B1B4}"
EndProject
Global
	GlobalSection(SolutionConfigurationPlatforms) = preSolution
		Debug|Any CPU = Debug|Any CPU
		Release|Any CPU = Release|Any CPU
	EndGlobalSection
	GlobalSection(ProjectConfigurationPlatforms) = postSolution
		{E43E4E89-1DCA-458E-86CB-7BE3CD0FDBC4}.Debug|Any CPU.ActiveCfg = Debug|Any CPU
		{E43E4E89-1DCA-458E-86CB-7BE3CD0FDBC4}.Debug|Any CPU.Build.0 = Debug|Any CPU
		{E43E4E89-1DCA-458E-86CB-7BE3CD0FDBC4}.Release|Any CPU.ActiveCfg = Release|Any CPU
		{E43E4E89-1DCA-458E-86CB-7BE3CD0FDBC4}.Release|Any CPU.Build.0 = Release|Any CPU
		{E3ADB345-40C9-4950-8045-9DC6B223C1C4}.Debug|Any CPU.ActiveCfg = Debug|Any CPU
		{E3ADB345-40C9-4950-8045-9DC6B223C1C4}.Debug|Any CPU.Build.0 = Debug|Any CPU
		{E3ADB345-40C9-4950-8045-9DC6B223C1C4}.Release|Any CPU.ActiveCfg = Release|Any CPU
		{E3ADB345-40C9-4950-8045-9DC6B223C1C4}.Release|Any CPU.Build.0 = Release|Any CPU
		{701E812E-6018-485C-9EAB-2506FDD62D75}.Debug|Any CPU.ActiveCfg = Debug|Any CPU
		{701E812E-6018-485C-9EAB-2506FDD62D75}.Debug|Any CPU.Build.0 = Debug|Any CPU
		{701E812E-6018-485C-9EAB-2506FDD62D75}.Release|Any CPU.ActiveCfg = Release|Any CPU
		{701E812E-6018-485C-9EAB-2506FDD62D75}.Release|Any CPU.Build.0 = Release|Any CPU
		{9A0980C1-864B-4F8F-B4D5-9E83F8F21A54}.Debug|Any CPU.ActiveCfg = Debug|Any CPU
		{9A0980C1-864B-4F8F-B4D5-9E83F8F21A54}.Debug|Any CPU.Build.0 = Debug|Any CPU
		{9A0980C1-864B-4F8F-B4D5-9E83F8F21A54}.Release|Any CPU.ActiveCfg = Release|Any CPU
		{9A0980C1-864B-4F8F-B4D5-9E83F8F21A54}.Release|Any CPU.Build.0 = Release|Any CPU
		{1455C461-EE2F-49EB-AB7B-AC851F4F4667}.Debug|Any CPU.ActiveCfg = Debug|Any CPU
		{1455C461-EE2F-49EB-AB7B-AC851F4F4667}.Debug|Any CPU.Build.0 = Debug|Any CPU
		{1455C461-EE2F-49EB-AB7B-AC851F4F4667}.Release|Any CPU.ActiveCfg = Release|Any CPU
		{1455C461-EE2F-49EB-AB7B-AC851F4F4667}.Release|Any CPU.Build.0 = Release|Any CPU
		{81649B19-8187-479C-B717-2F4D86B44F2A}.Debug|Any CPU.ActiveCfg = Debug|Any CPU
		{81649B19-8187-479C-B717-2F4D86B44F2A}.Debug|Any CPU.Build.0 = Debug|Any CPU
		{81649B19-8187-479C-B717-2F4D86B44F2A}.Release|Any CPU.ActiveCfg = Release|Any CPU
		{81649B19-8187-479C-B717-2F4D86B44F2A}.Release|Any CPU.Build.0 = Release|Any CPU
		{E048A48C-939D-4827-90FE-2B47F011718C}.Debug|Any CPU.ActiveCfg = Debug|Any CPU
		{E048A48C-939D-4827-90FE-2B47F011718C}.Debug|Any CPU.Build.0 = Debug|Any CPU
		{E048A48C-939D-4827-90FE-2B47F011718C}.Release|Any CPU.ActiveCfg = Release|Any CPU
		{E048A48C-939D-4827-90FE-2B47F011718C}.Release|Any CPU.Build.0 = Release|Any CPU
		{90FCA239-655C-4291-9EC5-60D3C1C4D44C}.Debug|Any CPU.ActiveCfg = Debug|Any CPU
		{90FCA239-655C-4291-9EC5-60D3C1C4D44C}.Debug|Any CPU.Build.0 = Debug|Any CPU
		{90FCA239-655C-4291-9EC5-60D3C1C4D44C}.Release|Any CPU.ActiveCfg = Release|Any CPU
		{90FCA239-655C-4291-9EC5-60D3C1C4D44C}.Release|Any CPU.Build.0 = Release|Any CPU
		{0A60044C-EF34-41DB-9AE3-65FC4927D3A9}.Debug|Any CPU.ActiveCfg = Debug|Any CPU
		{0A60044C-EF34-41DB-9AE3-65FC4927D3A9}.Debug|Any CPU.Build.0 = Debug|Any CPU
		{0A60044C-EF34-41DB-9AE3-65FC4927D3A9}.Release|Any CPU.ActiveCfg = Release|Any CPU
		{0A60044C-EF34-41DB-9AE3-65FC4927D3A9}.Release|Any CPU.Build.0 = Release|Any CPU
		{0C9172F6-153E-4242-9388-FA9826AD528D}.Debug|Any CPU.ActiveCfg = Debug|Any CPU
		{0C9172F6-153E-4242-9388-FA9826AD528D}.Debug|Any CPU.Build.0 = Debug|Any CPU
		{0C9172F6-153E-4242-9388-FA9826AD528D}.Release|Any CPU.ActiveCfg = Release|Any CPU
		{0C9172F6-153E-4242-9388-FA9826AD528D}.Release|Any CPU.Build.0 = Release|Any CPU
		{7CCB55A4-E9C2-41BB-8589-329D15225B59}.Debug|Any CPU.ActiveCfg = Debug|Any CPU
		{7CCB55A4-E9C2-41BB-8589-329D15225B59}.Debug|Any CPU.Build.0 = Debug|Any CPU
		{7CCB55A4-E9C2-41BB-8589-329D15225B59}.Release|Any CPU.ActiveCfg = Release|Any CPU
		{7CCB55A4-E9C2-41BB-8589-329D15225B59}.Release|Any CPU.Build.0 = Release|Any CPU
		{8C506F47-4CC3-4FC3-8CDB-98DDB07CDD52}.Debug|Any CPU.ActiveCfg = Debug|Any CPU
		{8C506F47-4CC3-4FC3-8CDB-98DDB07CDD52}.Debug|Any CPU.Build.0 = Debug|Any CPU
		{8C506F47-4CC3-4FC3-8CDB-98DDB07CDD52}.Release|Any CPU.ActiveCfg = Release|Any CPU
		{8C506F47-4CC3-4FC3-8CDB-98DDB07CDD52}.Release|Any CPU.Build.0 = Release|Any CPU
		{5E1DD31C-7C7C-4C73-9642-4CB398C4D126}.Debug|Any CPU.ActiveCfg = Debug|Any CPU
		{5E1DD31C-7C7C-4C73-9642-4CB398C4D126}.Debug|Any CPU.Build.0 = Debug|Any CPU
		{5E1DD31C-7C7C-4C73-9642-4CB398C4D126}.Release|Any CPU.ActiveCfg = Release|Any CPU
		{5E1DD31C-7C7C-4C73-9642-4CB398C4D126}.Release|Any CPU.Build.0 = Release|Any CPU
		{301780D5-C096-4001-B46A-D459DFA80E51}.Debug|Any CPU.ActiveCfg = Debug|Any CPU
		{301780D5-C096-4001-B46A-D459DFA80E51}.Debug|Any CPU.Build.0 = Debug|Any CPU
		{301780D5-C096-4001-B46A-D459DFA80E51}.Release|Any CPU.ActiveCfg = Release|Any CPU
		{301780D5-C096-4001-B46A-D459DFA80E51}.Release|Any CPU.Build.0 = Release|Any CPU
		{EB931903-FC92-4411-B9F2-E42CD661D52D}.Debug|Any CPU.ActiveCfg = Debug|Any CPU
		{EB931903-FC92-4411-B9F2-E42CD661D52D}.Debug|Any CPU.Build.0 = Debug|Any CPU
		{EB931903-FC92-4411-B9F2-E42CD661D52D}.Release|Any CPU.ActiveCfg = Release|Any CPU
		{EB931903-FC92-4411-B9F2-E42CD661D52D}.Release|Any CPU.Build.0 = Release|Any CPU
		{EF31E95C-99F9-426A-AD6D-6D0771E6EA1D}.Debug|Any CPU.ActiveCfg = Debug|Any CPU
		{EF31E95C-99F9-426A-AD6D-6D0771E6EA1D}.Debug|Any CPU.Build.0 = Debug|Any CPU
		{EF31E95C-99F9-426A-AD6D-6D0771E6EA1D}.Release|Any CPU.ActiveCfg = Release|Any CPU
		{EF31E95C-99F9-426A-AD6D-6D0771E6EA1D}.Release|Any CPU.Build.0 = Release|Any CPU
		{3E63305D-3664-40B8-8297-96C0723092F8}.Debug|Any CPU.ActiveCfg = Debug|Any CPU
		{3E63305D-3664-40B8-8297-96C0723092F8}.Debug|Any CPU.Build.0 = Debug|Any CPU
		{3E63305D-3664-40B8-8297-96C0723092F8}.Release|Any CPU.ActiveCfg = Release|Any CPU
		{3E63305D-3664-40B8-8297-96C0723092F8}.Release|Any CPU.Build.0 = Release|Any CPU
		{5C0C80CD-7450-4283-872B-FD3CA71144B6}.Debug|Any CPU.ActiveCfg = Debug|Any CPU
		{5C0C80CD-7450-4283-872B-FD3CA71144B6}.Debug|Any CPU.Build.0 = Debug|Any CPU
		{5C0C80CD-7450-4283-872B-FD3CA71144B6}.Release|Any CPU.ActiveCfg = Release|Any CPU
		{5C0C80CD-7450-4283-872B-FD3CA71144B6}.Release|Any CPU.Build.0 = Release|Any CPU
		{B6DAC60B-9BA3-4343-8D2F-741D12BB34FA}.Debug|Any CPU.ActiveCfg = Debug|Any CPU
		{B6DAC60B-9BA3-4343-8D2F-741D12BB34FA}.Debug|Any CPU.Build.0 = Debug|Any CPU
		{B6DAC60B-9BA3-4343-8D2F-741D12BB34FA}.Release|Any CPU.ActiveCfg = Release|Any CPU
		{B6DAC60B-9BA3-4343-8D2F-741D12BB34FA}.Release|Any CPU.Build.0 = Release|Any CPU
		{8CBDAFA9-EF2A-4BF7-8C5D-E28091575AA4}.Debug|Any CPU.ActiveCfg = Debug|Any CPU
		{8CBDAFA9-EF2A-4BF7-8C5D-E28091575AA4}.Debug|Any CPU.Build.0 = Debug|Any CPU
		{8CBDAFA9-EF2A-4BF7-8C5D-E28091575AA4}.Release|Any CPU.ActiveCfg = Release|Any CPU
		{8CBDAFA9-EF2A-4BF7-8C5D-E28091575AA4}.Release|Any CPU.Build.0 = Release|Any CPU
		{D33EEB6B-FFCF-4197-952D-DCB4E023B1B4}.Debug|Any CPU.ActiveCfg = Debug|Any CPU
		{D33EEB6B-FFCF-4197-952D-DCB4E023B1B4}.Debug|Any CPU.Build.0 = Debug|Any CPU
		{D33EEB6B-FFCF-4197-952D-DCB4E023B1B4}.Release|Any CPU.ActiveCfg = Release|Any CPU
		{D33EEB6B-FFCF-4197-952D-DCB4E023B1B4}.Release|Any CPU.Build.0 = Release|Any CPU
		{1A74A422-82A3-47EC-8982-AADD2795182E}.Debug|Any CPU.ActiveCfg = Debug|Any CPU
		{1A74A422-82A3-47EC-8982-AADD2795182E}.Debug|Any CPU.Build.0 = Debug|Any CPU
		{1A74A422-82A3-47EC-8982-AADD2795182E}.Release|Any CPU.ActiveCfg = Release|Any CPU
		{1A74A422-82A3-47EC-8982-AADD2795182E}.Release|Any CPU.Build.0 = Release|Any CPU
		{81BEAD6F-420C-4823-B8A8-D4CBEBDF17DF}.Debug|Any CPU.ActiveCfg = Debug|Any CPU
		{81BEAD6F-420C-4823-B8A8-D4CBEBDF17DF}.Debug|Any CPU.Build.0 = Debug|Any CPU
		{81BEAD6F-420C-4823-B8A8-D4CBEBDF17DF}.Release|Any CPU.ActiveCfg = Release|Any CPU
		{81BEAD6F-420C-4823-B8A8-D4CBEBDF17DF}.Release|Any CPU.Build.0 = Release|Any CPU
		{20D8D569-996D-421D-8E77-964A499FBB58}.Debug|Any CPU.ActiveCfg = Debug|Any CPU
		{20D8D569-996D-421D-8E77-964A499FBB58}.Debug|Any CPU.Build.0 = Debug|Any CPU
		{20D8D569-996D-421D-8E77-964A499FBB58}.Release|Any CPU.ActiveCfg = Release|Any CPU
		{20D8D569-996D-421D-8E77-964A499FBB58}.Release|Any CPU.Build.0 = Release|Any CPU
		{E53EE691-C341-4E8B-911B-111FB05483C3}.Debug|Any CPU.ActiveCfg = Debug|Any CPU
		{E53EE691-C341-4E8B-911B-111FB05483C3}.Debug|Any CPU.Build.0 = Debug|Any CPU
		{E53EE691-C341-4E8B-911B-111FB05483C3}.Release|Any CPU.ActiveCfg = Release|Any CPU
		{E53EE691-C341-4E8B-911B-111FB05483C3}.Release|Any CPU.Build.0 = Release|Any CPU
		{A99543CA-F245-4E6B-996C-75FA7798BE6E}.Debug|Any CPU.ActiveCfg = Debug|Any CPU
		{A99543CA-F245-4E6B-996C-75FA7798BE6E}.Debug|Any CPU.Build.0 = Debug|Any CPU
		{A99543CA-F245-4E6B-996C-75FA7798BE6E}.Release|Any CPU.ActiveCfg = Release|Any CPU
		{A99543CA-F245-4E6B-996C-75FA7798BE6E}.Release|Any CPU.Build.0 = Release|Any CPU
		{BA327581-5087-48BF-B39C-EC07FAFAD64B}.Debug|Any CPU.ActiveCfg = Debug|Any CPU
		{BA327581-5087-48BF-B39C-EC07FAFAD64B}.Debug|Any CPU.Build.0 = Debug|Any CPU
		{BA327581-5087-48BF-B39C-EC07FAFAD64B}.Release|Any CPU.ActiveCfg = Release|Any CPU
		{BA327581-5087-48BF-B39C-EC07FAFAD64B}.Release|Any CPU.Build.0 = Release|Any CPU
		{0B8EB457-7588-4E81-A38C-4C7986E67E4F}.Debug|Any CPU.ActiveCfg = Debug|Any CPU
		{0B8EB457-7588-4E81-A38C-4C7986E67E4F}.Debug|Any CPU.Build.0 = Debug|Any CPU
		{0B8EB457-7588-4E81-A38C-4C7986E67E4F}.Release|Any CPU.ActiveCfg = Release|Any CPU
		{0B8EB457-7588-4E81-A38C-4C7986E67E4F}.Release|Any CPU.Build.0 = Release|Any CPU
		{1A791F83-9E73-420A-9185-05C3F0B0BC84}.Debug|Any CPU.ActiveCfg = Debug|Any CPU
		{1A791F83-9E73-420A-9185-05C3F0B0BC84}.Debug|Any CPU.Build.0 = Debug|Any CPU
		{1A791F83-9E73-420A-9185-05C3F0B0BC84}.Release|Any CPU.ActiveCfg = Release|Any CPU
		{1A791F83-9E73-420A-9185-05C3F0B0BC84}.Release|Any CPU.Build.0 = Release|Any CPU
		{C99022D5-359F-424D-BCF1-EBEC62B595DF}.Debug|Any CPU.ActiveCfg = Debug|Any CPU
		{C99022D5-359F-424D-BCF1-EBEC62B595DF}.Debug|Any CPU.Build.0 = Debug|Any CPU
		{C99022D5-359F-424D-BCF1-EBEC62B595DF}.Release|Any CPU.ActiveCfg = Release|Any CPU
		{C99022D5-359F-424D-BCF1-EBEC62B595DF}.Release|Any CPU.Build.0 = Release|Any CPU
		{1EF6A024-F7ED-423D-947A-06F97CE570CC}.Debug|Any CPU.ActiveCfg = Debug|Any CPU
		{1EF6A024-F7ED-423D-947A-06F97CE570CC}.Debug|Any CPU.Build.0 = Debug|Any CPU
		{1EF6A024-F7ED-423D-947A-06F97CE570CC}.Release|Any CPU.ActiveCfg = Release|Any CPU
		{1EF6A024-F7ED-423D-947A-06F97CE570CC}.Release|Any CPU.Build.0 = Release|Any CPU
		{1A342F35-7E40-4BA1-A80D-111F45C5672E}.Debug|Any CPU.ActiveCfg = Debug|Any CPU
		{1A342F35-7E40-4BA1-A80D-111F45C5672E}.Debug|Any CPU.Build.0 = Debug|Any CPU
		{1A342F35-7E40-4BA1-A80D-111F45C5672E}.Release|Any CPU.ActiveCfg = Release|Any CPU
		{1A342F35-7E40-4BA1-A80D-111F45C5672E}.Release|Any CPU.Build.0 = Release|Any CPU
	EndGlobalSection
	GlobalSection(SolutionProperties) = preSolution
		HideSolutionNode = FALSE
	EndGlobalSection
	GlobalSection(ExtensibilityGlobals) = postSolution
		SolutionGuid = {C212DF0E-FA58-48D4-844D-679962AF3E53}
	EndGlobalSection
EndGlobal
