
Microsoft Visual Studio Solution File, Format Version 12.00
# Visual Studio Version 17
VisualStudioVersion = 17.8.34511.84
MinimumVisualStudioVersion = 10.0.40219.1
Project("{9A19103F-16F7-4668-BE54-9A1E7A4F7556}") = "01.Define_a_Class_Person", "01. Define a Class Person\01.Define_a_Class_Person.csproj", "{71AD42E4-AD8E-4FF4-A271-BFF45805A075}"
EndProject
Project("{9A19103F-16F7-4668-BE54-9A1E7A4F7556}") = "02.CreatingConstructors", "02. Creating Constructors\02.CreatingConstructors.csproj", "{EE68314F-53F6-426E-9F13-0540375EBA20}"
EndProject
Project("{9A19103F-16F7-4668-BE54-9A1E7A4F7556}") = "03.OldestFamilyMember", "03. Oldest Family Member\03.OldestFamilyMember.csproj", "{A6F5778C-F958-49DA-96BD-409914EAA964}"
EndProject
Project("{9A19103F-16F7-4668-BE54-9A1E7A4F7556}") = "04.OpinionPoll", "04. Opinion Poll\04.OpinionPoll.csproj", "{B126CCFD-DF43-4D96-AAFE-EEBAC610A6C5}"
EndProject
Project("{9A19103F-16F7-4668-BE54-9A1E7A4F7556}") = "05.DateModifier!", "05. Date Modifier\05.DateModifier!.csproj", "{8E2CFB3E-BCDC-4B4E-93C3-1416CAA6CAC5}"
EndProject
Global
	GlobalSection(SolutionConfigurationPlatforms) = preSolution
		Debug|Any CPU = Debug|Any CPU
		Release|Any CPU = Release|Any CPU
	EndGlobalSection
	GlobalSection(ProjectConfigurationPlatforms) = postSolution
		{71AD42E4-AD8E-4FF4-A271-BFF45805A075}.Debug|Any CPU.ActiveCfg = Debug|Any CPU
		{71AD42E4-AD8E-4FF4-A271-BFF45805A075}.Debug|Any CPU.Build.0 = Debug|Any CPU
		{71AD42E4-AD8E-4FF4-A271-BFF45805A075}.Release|Any CPU.ActiveCfg = Release|Any CPU
		{71AD42E4-AD8E-4FF4-A271-BFF45805A075}.Release|Any CPU.Build.0 = Release|Any CPU
		{EE68314F-53F6-426E-9F13-0540375EBA20}.Debug|Any CPU.ActiveCfg = Debug|Any CPU
		{EE68314F-53F6-426E-9F13-0540375EBA20}.Debug|Any CPU.Build.0 = Debug|Any CPU
		{EE68314F-53F6-426E-9F13-0540375EBA20}.Release|Any CPU.ActiveCfg = Release|Any CPU
		{EE68314F-53F6-426E-9F13-0540375EBA20}.Release|Any CPU.Build.0 = Release|Any CPU
		{A6F5778C-F958-49DA-96BD-409914EAA964}.Debug|Any CPU.ActiveCfg = Debug|Any CPU
		{A6F5778C-F958-49DA-96BD-409914EAA964}.Debug|Any CPU.Build.0 = Debug|Any CPU
		{A6F5778C-F958-49DA-96BD-409914EAA964}.Release|Any CPU.ActiveCfg = Release|Any CPU
		{A6F5778C-F958-49DA-96BD-409914EAA964}.Release|Any CPU.Build.0 = Release|Any CPU
		{B126CCFD-DF43-4D96-AAFE-EEBAC610A6C5}.Debug|Any CPU.ActiveCfg = Debug|Any CPU
		{B126CCFD-DF43-4D96-AAFE-EEBAC610A6C5}.Debug|Any CPU.Build.0 = Debug|Any CPU
		{B126CCFD-DF43-4D96-AAFE-EEBAC610A6C5}.Release|Any CPU.ActiveCfg = Release|Any CPU
		{B126CCFD-DF43-4D96-AAFE-EEBAC610A6C5}.Release|Any CPU.Build.0 = Release|Any CPU
		{8E2CFB3E-BCDC-4B4E-93C3-1416CAA6CAC5}.Debug|Any CPU.ActiveCfg = Debug|Any CPU
		{8E2CFB3E-BCDC-4B4E-93C3-1416CAA6CAC5}.Debug|Any CPU.Build.0 = Debug|Any CPU
		{8E2CFB3E-BCDC-4B4E-93C3-1416CAA6CAC5}.Release|Any CPU.ActiveCfg = Release|Any CPU
		{8E2CFB3E-BCDC-4B4E-93C3-1416CAA6CAC5}.Release|Any CPU.Build.0 = Release|Any CPU
		{A9099A7B-10BE-4CB5-B759-1A8D52CBB081}.Debug|Any CPU.ActiveCfg = Debug|Any CPU
		{A9099A7B-10BE-4CB5-B759-1A8D52CBB081}.Debug|Any CPU.Build.0 = Debug|Any CPU
		{A9099A7B-10BE-4CB5-B759-1A8D52CBB081}.Release|Any CPU.ActiveCfg = Release|Any CPU
		{A9099A7B-10BE-4CB5-B759-1A8D52CBB081}.Release|Any CPU.Build.0 = Release|Any CPU
		{C83D29AD-528E-43DC-A82D-226EB940F968}.Debug|Any CPU.ActiveCfg = Debug|Any CPU
		{C83D29AD-528E-43DC-A82D-226EB940F968}.Debug|Any CPU.Build.0 = Debug|Any CPU
		{C83D29AD-528E-43DC-A82D-226EB940F968}.Release|Any CPU.ActiveCfg = Release|Any CPU
		{C83D29AD-528E-43DC-A82D-226EB940F968}.Release|Any CPU.Build.0 = Release|Any CPU
		{39DAAAFC-381C-45CE-854A-B7E307CA4997}.Debug|Any CPU.ActiveCfg = Debug|Any CPU
		{39DAAAFC-381C-45CE-854A-B7E307CA4997}.Debug|Any CPU.Build.0 = Debug|Any CPU
		{39DAAAFC-381C-45CE-854A-B7E307CA4997}.Release|Any CPU.ActiveCfg = Release|Any CPU
		{39DAAAFC-381C-45CE-854A-B7E307CA4997}.Release|Any CPU.Build.0 = Release|Any CPU
		{CB4E32E1-7FDE-4E3F-8879-3915B1EAE04A}.Debug|Any CPU.ActiveCfg = Debug|Any CPU
		{CB4E32E1-7FDE-4E3F-8879-3915B1EAE04A}.Debug|Any CPU.Build.0 = Debug|Any CPU
		{CB4E32E1-7FDE-4E3F-8879-3915B1EAE04A}.Release|Any CPU.ActiveCfg = Release|Any CPU
		{CB4E32E1-7FDE-4E3F-8879-3915B1EAE04A}.Release|Any CPU.Build.0 = Release|Any CPU
		{683E2EB0-E8DE-4AF5-9F2A-9758F5695EB0}.Debug|Any CPU.ActiveCfg = Debug|Any CPU
		{683E2EB0-E8DE-4AF5-9F2A-9758F5695EB0}.Debug|Any CPU.Build.0 = Debug|Any CPU
		{683E2EB0-E8DE-4AF5-9F2A-9758F5695EB0}.Release|Any CPU.ActiveCfg = Release|Any CPU
		{683E2EB0-E8DE-4AF5-9F2A-9758F5695EB0}.Release|Any CPU.Build.0 = Release|Any CPU
	EndGlobalSection
	GlobalSection(SolutionProperties) = preSolution
		HideSolutionNode = FALSE
	EndGlobalSection
	GlobalSection(ExtensibilityGlobals) = postSolution
		SolutionGuid = {57840F11-8F30-43AA-BBC1-02E7C8474487}
	EndGlobalSection
EndGlobal
