
Microsoft Visual Studio Solution File, Format Version 12.00
# Visual Studio Version 17
VisualStudioVersion = 17.8.34316.72
MinimumVisualStudioVersion = 10.0.40219.1
Project("{FAE04EC0-301F-11D3-BF4B-00C04F79EFBC}") = "01.01. The Imitation Game", "01.01. The Imitation Game\01.01. The Imitation Game.csproj", "{0411BD4D-FF21-462A-91DD-8C922FB723A0}"
EndProject
Project("{FAE04EC0-301F-11D3-BF4B-00C04F79EFBC}") = "01.02. Ad Astra", "01.02. Ad Astra\01.02. Ad Astra.csproj", "{1E640B4D-9561-4B05-BEEA-45DBE1308DF8}"
EndProject
Project("{FAE04EC0-301F-11D3-BF4B-00C04F79EFBC}") = "01.03. The Pianist", "01.03. The Pianist\01.03. The Pianist.csproj", "{D8764AF6-7E5C-4CC0-8CDE-8EAD655BE1A3}"
EndProject
Project("{FAE04EC0-301F-11D3-BF4B-00C04F79EFBC}") = "02.01. World Tour", "02.01. World Tour\02.01. World Tour.csproj", "{CA239F7B-D50F-4549-8D37-588CE12E0935}"
EndProject
Project("{FAE04EC0-301F-11D3-BF4B-00C04F79EFBC}") = "02.02. Destination Mapper", "02.02. Destination Mapper\02.02. Destination Mapper.csproj", "{3E6F1039-E4BF-4262-9CE1-FBA3EB49BD54}"
EndProject
Project("{FAE04EC0-301F-11D3-BF4B-00C04F79EFBC}") = "02.03. Plant Discovery", "02.03. Plant Discovery\02.03. Plant Discovery.csproj", "{990E9C67-AE5D-44C8-8628-FF84D4ECA79D}"
EndProject
Project("{FAE04EC0-301F-11D3-BF4B-00C04F79EFBC}") = "03.01. Secret Chat", "03.01. Secret Chat\03.01. Secret Chat.csproj", "{4528DBD7-C670-47A8-A176-72CB96C0DF45}"
EndProject
Project("{FAE04EC0-301F-11D3-BF4B-00C04F79EFBC}") = "03.02. Mirror Words", "03.02. Mirror Words\03.02. Mirror Words.csproj", "{037CC990-0A70-4065-9DFA-EE634481EE79}"
EndProject
Project("{FAE04EC0-301F-11D3-BF4B-00C04F79EFBC}") = "03.03. Need for Speed III", "03.03. Need for Speed III\03.03. Need for Speed III.csproj", "{C7E2427F-60DC-4965-A303-665D9019B7FF}"
EndProject
Global
	GlobalSection(SolutionConfigurationPlatforms) = preSolution
		Debug|Any CPU = Debug|Any CPU
		Release|Any CPU = Release|Any CPU
	EndGlobalSection
	GlobalSection(ProjectConfigurationPlatforms) = postSolution
		{0411BD4D-FF21-462A-91DD-8C922FB723A0}.Debug|Any CPU.ActiveCfg = Debug|Any CPU
		{0411BD4D-FF21-462A-91DD-8C922FB723A0}.Debug|Any CPU.Build.0 = Debug|Any CPU
		{0411BD4D-FF21-462A-91DD-8C922FB723A0}.Release|Any CPU.ActiveCfg = Release|Any CPU
		{0411BD4D-FF21-462A-91DD-8C922FB723A0}.Release|Any CPU.Build.0 = Release|Any CPU
		{1E640B4D-9561-4B05-BEEA-45DBE1308DF8}.Debug|Any CPU.ActiveCfg = Debug|Any CPU
		{1E640B4D-9561-4B05-BEEA-45DBE1308DF8}.Debug|Any CPU.Build.0 = Debug|Any CPU
		{1E640B4D-9561-4B05-BEEA-45DBE1308DF8}.Release|Any CPU.ActiveCfg = Release|Any CPU
		{1E640B4D-9561-4B05-BEEA-45DBE1308DF8}.Release|Any CPU.Build.0 = Release|Any CPU
		{D8764AF6-7E5C-4CC0-8CDE-8EAD655BE1A3}.Debug|Any CPU.ActiveCfg = Debug|Any CPU
		{D8764AF6-7E5C-4CC0-8CDE-8EAD655BE1A3}.Debug|Any CPU.Build.0 = Debug|Any CPU
		{D8764AF6-7E5C-4CC0-8CDE-8EAD655BE1A3}.Release|Any CPU.ActiveCfg = Release|Any CPU
		{D8764AF6-7E5C-4CC0-8CDE-8EAD655BE1A3}.Release|Any CPU.Build.0 = Release|Any CPU
		{CA239F7B-D50F-4549-8D37-588CE12E0935}.Debug|Any CPU.ActiveCfg = Debug|Any CPU
		{CA239F7B-D50F-4549-8D37-588CE12E0935}.Debug|Any CPU.Build.0 = Debug|Any CPU
		{CA239F7B-D50F-4549-8D37-588CE12E0935}.Release|Any CPU.ActiveCfg = Release|Any CPU
		{CA239F7B-D50F-4549-8D37-588CE12E0935}.Release|Any CPU.Build.0 = Release|Any CPU
		{3E6F1039-E4BF-4262-9CE1-FBA3EB49BD54}.Debug|Any CPU.ActiveCfg = Debug|Any CPU
		{3E6F1039-E4BF-4262-9CE1-FBA3EB49BD54}.Debug|Any CPU.Build.0 = Debug|Any CPU
		{3E6F1039-E4BF-4262-9CE1-FBA3EB49BD54}.Release|Any CPU.ActiveCfg = Release|Any CPU
		{3E6F1039-E4BF-4262-9CE1-FBA3EB49BD54}.Release|Any CPU.Build.0 = Release|Any CPU
		{990E9C67-AE5D-44C8-8628-FF84D4ECA79D}.Debug|Any CPU.ActiveCfg = Debug|Any CPU
		{990E9C67-AE5D-44C8-8628-FF84D4ECA79D}.Debug|Any CPU.Build.0 = Debug|Any CPU
		{990E9C67-AE5D-44C8-8628-FF84D4ECA79D}.Release|Any CPU.ActiveCfg = Release|Any CPU
		{990E9C67-AE5D-44C8-8628-FF84D4ECA79D}.Release|Any CPU.Build.0 = Release|Any CPU
		{4528DBD7-C670-47A8-A176-72CB96C0DF45}.Debug|Any CPU.ActiveCfg = Debug|Any CPU
		{4528DBD7-C670-47A8-A176-72CB96C0DF45}.Debug|Any CPU.Build.0 = Debug|Any CPU
		{4528DBD7-C670-47A8-A176-72CB96C0DF45}.Release|Any CPU.ActiveCfg = Release|Any CPU
		{4528DBD7-C670-47A8-A176-72CB96C0DF45}.Release|Any CPU.Build.0 = Release|Any CPU
		{037CC990-0A70-4065-9DFA-EE634481EE79}.Debug|Any CPU.ActiveCfg = Debug|Any CPU
		{037CC990-0A70-4065-9DFA-EE634481EE79}.Debug|Any CPU.Build.0 = Debug|Any CPU
		{037CC990-0A70-4065-9DFA-EE634481EE79}.Release|Any CPU.ActiveCfg = Release|Any CPU
		{037CC990-0A70-4065-9DFA-EE634481EE79}.Release|Any CPU.Build.0 = Release|Any CPU
		{C7E2427F-60DC-4965-A303-665D9019B7FF}.Debug|Any CPU.ActiveCfg = Debug|Any CPU
		{C7E2427F-60DC-4965-A303-665D9019B7FF}.Debug|Any CPU.Build.0 = Debug|Any CPU
		{C7E2427F-60DC-4965-A303-665D9019B7FF}.Release|Any CPU.ActiveCfg = Release|Any CPU
		{C7E2427F-60DC-4965-A303-665D9019B7FF}.Release|Any CPU.Build.0 = Release|Any CPU
	EndGlobalSection
	GlobalSection(SolutionProperties) = preSolution
		HideSolutionNode = FALSE
	EndGlobalSection
	GlobalSection(ExtensibilityGlobals) = postSolution
		SolutionGuid = {A1FA3D7F-F290-423F-9AC1-F3C81403A923}
	EndGlobalSection
EndGlobal
