
Microsoft Visual Studio Solution File, Format Version 12.00
# Visual Studio Version 17
VisualStudioVersion = 17.8.34601.278
MinimumVisualStudioVersion = 10.0.40219.1
Project("{9A19103F-16F7-4668-BE54-9A1E7A4F7556}") = "01.ClassBoxData", "01.Class Box Data\01.ClassBoxData.csproj", "{16595D56-E691-4B6B-93CF-F49A4975CECA}"
EndProject
Project("{9A19103F-16F7-4668-BE54-9A1E7A4F7556}") = "02.AnimalFarm", "02.Animal Farm\02.AnimalFarm.csproj", "{CCFB5FD6-E3F2-4E27-8A9F-5A7F4BB0803C}"
EndProject
Project("{9A19103F-16F7-4668-BE54-9A1E7A4F7556}") = "03.ShoppingSpree", "03.Shopping Spree\03.ShoppingSpree.csproj", "{BB892F7C-70A8-4D30-9E08-D97161E7D1F6}"
EndProject
Global
	GlobalSection(SolutionConfigurationPlatforms) = preSolution
		Debug|Any CPU = Debug|Any CPU
		Release|Any CPU = Release|Any CPU
	EndGlobalSection
	GlobalSection(ProjectConfigurationPlatforms) = postSolution
		{16595D56-E691-4B6B-93CF-F49A4975CECA}.Debug|Any CPU.ActiveCfg = Debug|Any CPU
		{16595D56-E691-4B6B-93CF-F49A4975CECA}.Debug|Any CPU.Build.0 = Debug|Any CPU
		{16595D56-E691-4B6B-93CF-F49A4975CECA}.Release|Any CPU.ActiveCfg = Release|Any CPU
		{16595D56-E691-4B6B-93CF-F49A4975CECA}.Release|Any CPU.Build.0 = Release|Any CPU
		{CCFB5FD6-E3F2-4E27-8A9F-5A7F4BB0803C}.Debug|Any CPU.ActiveCfg = Debug|Any CPU
		{CCFB5FD6-E3F2-4E27-8A9F-5A7F4BB0803C}.Debug|Any CPU.Build.0 = Debug|Any CPU
		{CCFB5FD6-E3F2-4E27-8A9F-5A7F4BB0803C}.Release|Any CPU.ActiveCfg = Release|Any CPU
		{CCFB5FD6-E3F2-4E27-8A9F-5A7F4BB0803C}.Release|Any CPU.Build.0 = Release|Any CPU
		{BB892F7C-70A8-4D30-9E08-D97161E7D1F6}.Debug|Any CPU.ActiveCfg = Debug|Any CPU
		{BB892F7C-70A8-4D30-9E08-D97161E7D1F6}.Debug|Any CPU.Build.0 = Debug|Any CPU
		{BB892F7C-70A8-4D30-9E08-D97161E7D1F6}.Release|Any CPU.ActiveCfg = Release|Any CPU
		{BB892F7C-70A8-4D30-9E08-D97161E7D1F6}.Release|Any CPU.Build.0 = Release|Any CPU
		{6DE35B07-15C9-4634-B058-2D2F1341D538}.Debug|Any CPU.ActiveCfg = Debug|Any CPU
		{6DE35B07-15C9-4634-B058-2D2F1341D538}.Debug|Any CPU.Build.0 = Debug|Any CPU
		{6DE35B07-15C9-4634-B058-2D2F1341D538}.Release|Any CPU.ActiveCfg = Release|Any CPU
		{6DE35B07-15C9-4634-B058-2D2F1341D538}.Release|Any CPU.Build.0 = Release|Any CPU
		{907A5762-4857-430A-BD7C-0F9BE0701D3B}.Debug|Any CPU.ActiveCfg = Debug|Any CPU
		{907A5762-4857-430A-BD7C-0F9BE0701D3B}.Debug|Any CPU.Build.0 = Debug|Any CPU
		{907A5762-4857-430A-BD7C-0F9BE0701D3B}.Release|Any CPU.ActiveCfg = Release|Any CPU
		{907A5762-4857-430A-BD7C-0F9BE0701D3B}.Release|Any CPU.Build.0 = Release|Any CPU
	EndGlobalSection
	GlobalSection(SolutionProperties) = preSolution
		HideSolutionNode = FALSE
	EndGlobalSection
	GlobalSection(ExtensibilityGlobals) = postSolution
		SolutionGuid = {368372E5-AD4F-4999-8C52-7478E2B1D5AB}
	EndGlobalSection
EndGlobal
